{
    "version": 3,
    "terraform_version": "0.11.10",
    "serial": 15,
    "lineage": "58443617-061e-b75e-170e-1cbcb6766b1f",
    "modules": [
        {
            "path": [
                "root"
            ],
            "outputs": {},
            "resources": {},
            "depends_on": []
        },
        {
            "path": [
                "root",
                "eks"
            ],
            "outputs": {
                "cluster_certificate_authority_data": {
                    "sensitive": false,
                    "type": "string",
                    "value": "LS0tLS1CRUdJTiBDRVJUSUZJQ0FURS0tLS0tCk1JSUN5RENDQWJDZ0F3SUJBZ0lCQURBTkJna3Foa2lHOXcwQkFRc0ZBREFWTVJNd0VRWURWUVFERXdwcmRXSmwKY201bGRHVnpNQjRYRFRFNE1URXhNakUwTlRjMU5Gb1hEVEk0TVRFd09URTBOVGMxTkZvd0ZURVRNQkVHQTFVRQpBeE1LYTNWaVpYSnVaWFJsY3pDQ0FTSXdEUVlKS29aSWh2Y05BUUVCQlFBRGdnRVBBRENDQVFvQ2dnRUJBTmtICkpHUVB4ZzR1dDNKM3ZuWkZvV3RlUnBSaThWVFc2aU9zN0hrYmZ0NktFREY4WUMrQXBnMzd6QWwweGtGTnR0UVQKSzg2M3QrbjhCcVFBVHZucEdpRWhBVWVwZjRScUtPL0dnQldqZjhQYytIUXF6d1NDMjFOY291WlRBaW9IK0VKcwo5ZTU3QVFWdW1JaktiSzB6NG9OYlJZSXJxazd6Rjl4UGFBeTNYSzZZOUgvY0FsYlhSbUVCVVp2TnVuaExEMUprCldsK0pQNFc2aXRzMS9OWEUzUU9YYVdEcVNyaTNBV2s0Y3hvdTJENHdzMmVJLzNmRktYTEFNcDIvZkVPOCs3eFIKMm1jWTJXelhNQnd1amVNZHBIRk0xZHRrbTBGdk9zZSsvQ2tOb1hpZnF5TTlvdytxSnFwLzU1VkF4V2hBbTBWeQp4bEwvdVBZUU9WSWFpZlFpaWJFQ0F3RUFBYU1qTUNFd0RnWURWUjBQQVFIL0JBUURBZ0trTUE4R0ExVWRFd0VCCi93UUZNQU1CQWY4d0RRWUpLb1pJaHZjTkFRRUxCUUFEZ2dFQkFIc01tNmFLKzA1MDNEWEtwZ1hmbWpNRVRtdFgKNlN6bk1aZUZvYkZDS0FRSml1bWJES25rUnZOczR2YURSZWE0eGROZ2J1SkxHUzR4MllwWFdXcEh6bmVMRWZTcgpVY2M3ZVFCNVpLcGZ3aGJGLy9jd3RwRVhaNm9waWRqWGU0RnBZd1FEV0k3aGc5OFY5VXpMeFpYWGQvbE9YRUpZCmxvYVJNSjc0TVZ3Tnd4cmtrMjg3M0N5UHVCTk5MNG80enlna1lHQVNETmxxWlVwc1FnbFZVUjRxMU9UMjd4bXcKVDlROEtjV3JPK2ZjcTVHMzFpcHNBb2drUi9QSjFJby9XZkxSdXFnL2JYcmhWM255ZHZzNk03MW5MMTM4MHJSKwpOR0NUMW8wMXNJT3BHdmpXWlhjMVJMTi83aDkydmcvUW5DZlJBeWtZekpUQm9JcndhazI5R1pQK2kxZz0KLS0tLS1FTkQgQ0VSVElGSUNBVEUtLS0tLQo="
                },
                "cluster_endpoint": {
                    "sensitive": false,
                    "type": "string",
                    "value": "https://D4DF4DD16049F9E5C09A25BBB6AC88E4.yl4.eu-west-1.eks.amazonaws.com"
                },
                "cluster_id": {
                    "sensitive": false,
                    "type": "string",
                    "value": "poi-eks-cluster"
                },
                "cluster_security_group_id": {
                    "sensitive": false,
                    "type": "string",
                    "value": "sg-03e51eeeb304dd9b6"
                },
                "cluster_version": {
                    "sensitive": false,
                    "type": "string",
                    "value": "1.10"
                },
                "config_map_aws_auth": {
                    "sensitive": false,
                    "type": "string",
                    "value": "apiVersion: v1\nkind: ConfigMap\nmetadata:\n  name: aws-auth\n  namespace: kube-system\ndata:\n  mapRoles: |\n    - rolearn: arn:aws:iam::077978206904:role/poi-eks-cluster20181112150046903400000005\n      username: system:node:{{EC2PrivateDNSName}}\n      groups:\n        - system:bootstrappers\n        - system:nodes\n\n\n  mapUsers: |\n\n  mapAccounts: |\n\n"
                },
                "kubeconfig": {
                    "sensitive": false,
                    "type": "string",
                    "value": "apiVersion: v1\npreferences: {}\nkind: Config\n\nclusters:\n- cluster:\n    server: https://D4DF4DD16049F9E5C09A25BBB6AC88E4.yl4.eu-west-1.eks.amazonaws.com\n    certificate-authority-data: LS0tLS1CRUdJTiBDRVJUSUZJQ0FURS0tLS0tCk1JSUN5RENDQWJDZ0F3SUJBZ0lCQURBTkJna3Foa2lHOXcwQkFRc0ZBREFWTVJNd0VRWURWUVFERXdwcmRXSmwKY201bGRHVnpNQjRYRFRFNE1URXhNakUwTlRjMU5Gb1hEVEk0TVRFd09URTBOVGMxTkZvd0ZURVRNQkVHQTFVRQpBeE1LYTNWaVpYSnVaWFJsY3pDQ0FTSXdEUVlKS29aSWh2Y05BUUVCQlFBRGdnRVBBRENDQVFvQ2dnRUJBTmtICkpHUVB4ZzR1dDNKM3ZuWkZvV3RlUnBSaThWVFc2aU9zN0hrYmZ0NktFREY4WUMrQXBnMzd6QWwweGtGTnR0UVQKSzg2M3QrbjhCcVFBVHZucEdpRWhBVWVwZjRScUtPL0dnQldqZjhQYytIUXF6d1NDMjFOY291WlRBaW9IK0VKcwo5ZTU3QVFWdW1JaktiSzB6NG9OYlJZSXJxazd6Rjl4UGFBeTNYSzZZOUgvY0FsYlhSbUVCVVp2TnVuaExEMUprCldsK0pQNFc2aXRzMS9OWEUzUU9YYVdEcVNyaTNBV2s0Y3hvdTJENHdzMmVJLzNmRktYTEFNcDIvZkVPOCs3eFIKMm1jWTJXelhNQnd1amVNZHBIRk0xZHRrbTBGdk9zZSsvQ2tOb1hpZnF5TTlvdytxSnFwLzU1VkF4V2hBbTBWeQp4bEwvdVBZUU9WSWFpZlFpaWJFQ0F3RUFBYU1qTUNFd0RnWURWUjBQQVFIL0JBUURBZ0trTUE4R0ExVWRFd0VCCi93UUZNQU1CQWY4d0RRWUpLb1pJaHZjTkFRRUxCUUFEZ2dFQkFIc01tNmFLKzA1MDNEWEtwZ1hmbWpNRVRtdFgKNlN6bk1aZUZvYkZDS0FRSml1bWJES25rUnZOczR2YURSZWE0eGROZ2J1SkxHUzR4MllwWFdXcEh6bmVMRWZTcgpVY2M3ZVFCNVpLcGZ3aGJGLy9jd3RwRVhaNm9waWRqWGU0RnBZd1FEV0k3aGc5OFY5VXpMeFpYWGQvbE9YRUpZCmxvYVJNSjc0TVZ3Tnd4cmtrMjg3M0N5UHVCTk5MNG80enlna1lHQVNETmxxWlVwc1FnbFZVUjRxMU9UMjd4bXcKVDlROEtjV3JPK2ZjcTVHMzFpcHNBb2drUi9QSjFJby9XZkxSdXFnL2JYcmhWM255ZHZzNk03MW5MMTM4MHJSKwpOR0NUMW8wMXNJT3BHdmpXWlhjMVJMTi83aDkydmcvUW5DZlJBeWtZekpUQm9JcndhazI5R1pQK2kxZz0KLS0tLS1FTkQgQ0VSVElGSUNBVEUtLS0tLQo=\n  name: eks_poi-eks-cluster\n\ncontexts:\n- context:\n    cluster: eks_poi-eks-cluster\n    user: eks_poi-eks-cluster\n  name: eks_poi-eks-cluster\n\ncurrent-context: eks_poi-eks-cluster\n\nusers:\n- name: eks_poi-eks-cluster\n  user:\n    exec:\n      apiVersion: client.authentication.k8s.io/v1alpha1\n      command: aws-iam-authenticator\n      args:\n        - \"token\"\n        - \"-i\"\n        - \"poi-eks-cluster\"\n\n\n"
                },
                "worker_iam_role_arn": {
                    "sensitive": false,
                    "type": "string",
                    "value": "arn:aws:iam::077978206904:role/poi-eks-cluster20181112150046903400000005"
                },
                "worker_iam_role_name": {
                    "sensitive": false,
                    "type": "string",
                    "value": "poi-eks-cluster20181112150046903400000005"
                },
                "worker_security_group_id": {
                    "sensitive": false,
                    "type": "string",
                    "value": "sg-0c1068c7530d6a697"
                },
                "workers_asg_arns": {
                    "sensitive": false,
                    "type": "list",
                    "value": [
                        "arn:aws:autoscaling:eu-west-1:077978206904:autoScalingGroup:1c23ba63-189d-4ee8-acb6-36062d955ec2:autoScalingGroupName/poi-eks-cluster-02018111215010884090000000e"
                    ]
                },
                "workers_asg_names": {
                    "sensitive": false,
                    "type": "list",
                    "value": [
                        "poi-eks-cluster-02018111215010884090000000e"
                    ]
                }
            },
            "resources": {
                "aws_autoscaling_group.workers": {
                    "type": "aws_autoscaling_group",
                    "depends_on": [
                        "aws_eks_cluster.this",
                        "aws_launch_configuration.workers.*",
                        "local.asg_tags",
                        "local.workers_group_defaults"
                    ],
                    "primary": {
                        "id": "poi-eks-cluster-02018111215010884090000000e",
                        "attributes": {
                            "arn": "arn:aws:autoscaling:eu-west-1:077978206904:autoScalingGroup:1c23ba63-189d-4ee8-acb6-36062d955ec2:autoScalingGroupName/poi-eks-cluster-02018111215010884090000000e",
                            "availability_zones.#": "3",
                            "availability_zones.1924028850": "eu-west-1b",
                            "availability_zones.3953592328": "eu-west-1a",
                            "availability_zones.94988580": "eu-west-1c",
                            "default_cooldown": "300",
                            "desired_capacity": "3",
                            "enabled_metrics.#": "0",
                            "force_delete": "false",
                            "health_check_grace_period": "300",
                            "health_check_type": "EC2",
                            "id": "poi-eks-cluster-02018111215010884090000000e",
                            "launch_configuration": "poi-eks-cluster-02018111215010039420000000d",
                            "launch_template.#": "0",
                            "load_balancers.#": "0",
                            "max_size": "4",
                            "metrics_granularity": "1Minute",
                            "min_size": "1",
                            "name": "poi-eks-cluster-02018111215010884090000000e",
                            "name_prefix": "poi-eks-cluster-0",
                            "placement_group": "",
                            "protect_from_scale_in": "false",
                            "service_linked_role_arn": "arn:aws:iam::077978206904:role/aws-service-role/autoscaling.amazonaws.com/AWSServiceRoleForAutoScaling",
                            "suspended_processes.#": "0",
                            "tags.#": "4",
                            "tags.0.%": "3",
                            "tags.0.key": "Name",
                            "tags.0.propagate_at_launch": "1",
                            "tags.0.value": "poi-eks-cluster-0-eks_asg",
                            "tags.1.%": "3",
                            "tags.1.key": "kubernetes.io/cluster/poi-eks-cluster",
                            "tags.1.propagate_at_launch": "1",
                            "tags.1.value": "owned",
                            "tags.2.%": "3",
                            "tags.2.key": "k8s.io/cluster-autoscaler/disabled",
                            "tags.2.propagate_at_launch": "0",
                            "tags.2.value": "true",
                            "tags.3.%": "3",
                            "tags.3.key": "Environment",
                            "tags.3.propagate_at_launch": "1",
                            "tags.3.value": "poi-eks-env",
                            "target_group_arns.#": "0",
                            "termination_policies.#": "0",
                            "vpc_zone_identifier.#": "4",
                            "vpc_zone_identifier.1004225602": "subnet-a850bce0",
                            "vpc_zone_identifier.1874057288": "subnet-c11f05b6",
                            "vpc_zone_identifier.2903397952": "subnet-8813e1ec",
                            "vpc_zone_identifier.3978819587": "subnet-a3685afa",
                            "wait_for_capacity_timeout": "10m"
                        },
                        "meta": {
                            "e2bfb730-ecaa-11e6-8f88-34363bc7c4c0": {
                                "delete": 600000000000
                            }
                        },
                        "tainted": false
                    },
                    "deposed": [],
                    "provider": "provider.aws"
                },
                "aws_eks_cluster.this": {
                    "type": "aws_eks_cluster",
                    "depends_on": [
                        "aws_iam_role.cluster",
                        "aws_iam_role_policy_attachment.cluster_AmazonEKSClusterPolicy",
                        "aws_iam_role_policy_attachment.cluster_AmazonEKSServicePolicy",
                        "local.cluster_security_group_id"
                    ],
                    "primary": {
                        "id": "poi-eks-cluster",
                        "attributes": {
                            "arn": "arn:aws:eks:eu-west-1:077978206904:cluster/poi-eks-cluster",
                            "certificate_authority.#": "1",
                            "certificate_authority.0.data": "LS0tLS1CRUdJTiBDRVJUSUZJQ0FURS0tLS0tCk1JSUN5RENDQWJDZ0F3SUJBZ0lCQURBTkJna3Foa2lHOXcwQkFRc0ZBREFWTVJNd0VRWURWUVFERXdwcmRXSmwKY201bGRHVnpNQjRYRFRFNE1URXhNakUwTlRjMU5Gb1hEVEk0TVRFd09URTBOVGMxTkZvd0ZURVRNQkVHQTFVRQpBeE1LYTNWaVpYSnVaWFJsY3pDQ0FTSXdEUVlKS29aSWh2Y05BUUVCQlFBRGdnRVBBRENDQVFvQ2dnRUJBTmtICkpHUVB4ZzR1dDNKM3ZuWkZvV3RlUnBSaThWVFc2aU9zN0hrYmZ0NktFREY4WUMrQXBnMzd6QWwweGtGTnR0UVQKSzg2M3QrbjhCcVFBVHZucEdpRWhBVWVwZjRScUtPL0dnQldqZjhQYytIUXF6d1NDMjFOY291WlRBaW9IK0VKcwo5ZTU3QVFWdW1JaktiSzB6NG9OYlJZSXJxazd6Rjl4UGFBeTNYSzZZOUgvY0FsYlhSbUVCVVp2TnVuaExEMUprCldsK0pQNFc2aXRzMS9OWEUzUU9YYVdEcVNyaTNBV2s0Y3hvdTJENHdzMmVJLzNmRktYTEFNcDIvZkVPOCs3eFIKMm1jWTJXelhNQnd1amVNZHBIRk0xZHRrbTBGdk9zZSsvQ2tOb1hpZnF5TTlvdytxSnFwLzU1VkF4V2hBbTBWeQp4bEwvdVBZUU9WSWFpZlFpaWJFQ0F3RUFBYU1qTUNFd0RnWURWUjBQQVFIL0JBUURBZ0trTUE4R0ExVWRFd0VCCi93UUZNQU1CQWY4d0RRWUpLb1pJaHZjTkFRRUxCUUFEZ2dFQkFIc01tNmFLKzA1MDNEWEtwZ1hmbWpNRVRtdFgKNlN6bk1aZUZvYkZDS0FRSml1bWJES25rUnZOczR2YURSZWE0eGROZ2J1SkxHUzR4MllwWFdXcEh6bmVMRWZTcgpVY2M3ZVFCNVpLcGZ3aGJGLy9jd3RwRVhaNm9waWRqWGU0RnBZd1FEV0k3aGc5OFY5VXpMeFpYWGQvbE9YRUpZCmxvYVJNSjc0TVZ3Tnd4cmtrMjg3M0N5UHVCTk5MNG80enlna1lHQVNETmxxWlVwc1FnbFZVUjRxMU9UMjd4bXcKVDlROEtjV3JPK2ZjcTVHMzFpcHNBb2drUi9QSjFJby9XZkxSdXFnL2JYcmhWM255ZHZzNk03MW5MMTM4MHJSKwpOR0NUMW8wMXNJT3BHdmpXWlhjMVJMTi83aDkydmcvUW5DZlJBeWtZekpUQm9JcndhazI5R1pQK2kxZz0KLS0tLS1FTkQgQ0VSVElGSUNBVEUtLS0tLQo=",
                            "created_at": "2018-11-12 14:50:59 +0000 UTC",
                            "endpoint": "https://D4DF4DD16049F9E5C09A25BBB6AC88E4.yl4.eu-west-1.eks.amazonaws.com",
                            "id": "poi-eks-cluster",
                            "name": "poi-eks-cluster",
                            "platform_version": "eks.2",
                            "role_arn": "arn:aws:iam::077978206904:role/poi-eks-cluster20181112145042729000000001",
                            "version": "1.10",
                            "vpc_config.#": "1",
                            "vpc_config.0.security_group_ids.#": "1",
                            "vpc_config.0.security_group_ids.3322252694": "sg-03e51eeeb304dd9b6",
                            "vpc_config.0.subnet_ids.#": "4",
                            "vpc_config.0.subnet_ids.360204655": "subnet-8813e1ec",
                            "vpc_config.0.subnet_ids.4209864939": "subnet-a3685afa",
                            "vpc_config.0.subnet_ids.4225826129": "subnet-a850bce0",
                            "vpc_config.0.subnet_ids.459373779": "subnet-c11f05b6",
                            "vpc_config.0.vpc_id": "vpc-3842495d"
                        },
                        "meta": {
                            "e2bfb730-ecaa-11e6-8f88-34363bc7c4c0": {
                                "create": 900000000000,
                                "delete": 900000000000
                            }
                        },
                        "tainted": false
                    },
                    "deposed": [],
                    "provider": "provider.aws"
                },
                "aws_iam_instance_profile.workers": {
                    "type": "aws_iam_instance_profile",
                    "depends_on": [
                        "aws_eks_cluster.this",
                        "local.workers_group_defaults"
                    ],
                    "primary": {
                        "id": "poi-eks-cluster20181112150053227000000008",
                        "attributes": {
                            "arn": "arn:aws:iam::077978206904:instance-profile/poi-eks-cluster20181112150053227000000008",
                            "create_date": "2018-11-12T15:00:54Z",
                            "id": "poi-eks-cluster20181112150053227000000008",
                            "name": "poi-eks-cluster20181112150053227000000008",
                            "name_prefix": "poi-eks-cluster",
                            "path": "/",
                            "role": "poi-eks-cluster20181112150046903400000005",
                            "roles.#": "0",
                            "unique_id": "AIPAJY2XY2TPKBSWJFILK"
                        },
                        "meta": {},
                        "tainted": false
                    },
                    "deposed": [],
                    "provider": "provider.aws"
                },
                "aws_iam_policy.worker_autoscaling": {
                    "type": "aws_iam_policy",
                    "depends_on": [
                        "aws_eks_cluster.this",
                        "data.aws_iam_policy_document.worker_autoscaling"
                    ],
                    "primary": {
                        "id": "arn:aws:iam::077978206904:policy/eks-worker-autoscaling-poi-eks-cluster20181112150046927400000007",
                        "attributes": {
                            "arn": "arn:aws:iam::077978206904:policy/eks-worker-autoscaling-poi-eks-cluster20181112150046927400000007",
                            "description": "EKS worker node autoscaling policy for cluster poi-eks-cluster",
                            "id": "arn:aws:iam::077978206904:policy/eks-worker-autoscaling-poi-eks-cluster20181112150046927400000007",
                            "name": "eks-worker-autoscaling-poi-eks-cluster20181112150046927400000007",
                            "name_prefix": "eks-worker-autoscaling-poi-eks-cluster",
                            "path": "/",
                            "policy": "{\n  \"Version\": \"2012-10-17\",\n  \"Statement\": [\n    {\n      \"Sid\": \"eksWorkerAutoscalingAll\",\n      \"Effect\": \"Allow\",\n      \"Action\": [\n        \"autoscaling:GetAsgForInstance\",\n        \"autoscaling:DescribeTags\",\n        \"autoscaling:DescribeLaunchConfigurations\",\n        \"autoscaling:DescribeAutoScalingInstances\",\n        \"autoscaling:DescribeAutoScalingGroups\"\n      ],\n      \"Resource\": \"*\"\n    },\n    {\n      \"Sid\": \"eksWorkerAutoscalingOwn\",\n      \"Effect\": \"Allow\",\n      \"Action\": [\n        \"autoscaling:UpdateAutoScalingGroup\",\n        \"autoscaling:TerminateInstanceInAutoScalingGroup\",\n        \"autoscaling:SetDesiredCapacity\"\n      ],\n      \"Resource\": \"*\",\n      \"Condition\": {\n        \"StringEquals\": {\n          \"autoscaling:ResourceTag/k8s.io/cluster-autoscaler/enabled\": \"true\",\n          \"autoscaling:ResourceTag/kubernetes.io/cluster/poi-eks-cluster\": \"owned\"\n        }\n      }\n    }\n  ]\n}"
                        },
                        "meta": {},
                        "tainted": false
                    },
                    "deposed": [],
                    "provider": "provider.aws"
                },
                "aws_iam_role.cluster": {
                    "type": "aws_iam_role",
                    "depends_on": [
                        "data.aws_iam_policy_document.cluster_assume_role_policy"
                    ],
                    "primary": {
                        "id": "poi-eks-cluster20181112145042729000000001",
                        "attributes": {
                            "arn": "arn:aws:iam::077978206904:role/poi-eks-cluster20181112145042729000000001",
                            "assume_role_policy": "{\"Version\":\"2012-10-17\",\"Statement\":[{\"Sid\":\"EKSClusterAssumeRole\",\"Effect\":\"Allow\",\"Principal\":{\"Service\":\"eks.amazonaws.com\"},\"Action\":\"sts:AssumeRole\"}]}",
                            "create_date": "2018-11-12T14:50:44Z",
                            "description": "",
                            "force_detach_policies": "false",
                            "id": "poi-eks-cluster20181112145042729000000001",
                            "max_session_duration": "3600",
                            "name": "poi-eks-cluster20181112145042729000000001",
                            "name_prefix": "poi-eks-cluster",
                            "path": "/",
                            "unique_id": "AROAJS3WXI7POPOI4ILZG"
                        },
                        "meta": {},
                        "tainted": false
                    },
                    "deposed": [],
                    "provider": "provider.aws"
                },
                "aws_iam_role.workers": {
                    "type": "aws_iam_role",
                    "depends_on": [
                        "aws_eks_cluster.this",
                        "data.aws_iam_policy_document.workers_assume_role_policy"
                    ],
                    "primary": {
                        "id": "poi-eks-cluster20181112150046903400000005",
                        "attributes": {
                            "arn": "arn:aws:iam::077978206904:role/poi-eks-cluster20181112150046903400000005",
                            "assume_role_policy": "{\"Version\":\"2012-10-17\",\"Statement\":[{\"Sid\":\"EKSWorkerAssumeRole\",\"Effect\":\"Allow\",\"Principal\":{\"Service\":\"ec2.amazonaws.com\"},\"Action\":\"sts:AssumeRole\"}]}",
                            "create_date": "2018-11-12T15:00:48Z",
                            "description": "",
                            "force_detach_policies": "false",
                            "id": "poi-eks-cluster20181112150046903400000005",
                            "max_session_duration": "3600",
                            "name": "poi-eks-cluster20181112150046903400000005",
                            "name_prefix": "poi-eks-cluster",
                            "path": "/",
                            "unique_id": "AROAJHH5ENJLTSRFRGACI"
                        },
                        "meta": {},
                        "tainted": false
                    },
                    "deposed": [],
                    "provider": "provider.aws"
                },
                "aws_iam_role_policy_attachment.cluster_AmazonEKSClusterPolicy": {
                    "type": "aws_iam_role_policy_attachment",
                    "depends_on": [
                        "aws_iam_role.cluster"
                    ],
                    "primary": {
                        "id": "poi-eks-cluster20181112145042729000000001-20181112145048774900000004",
                        "attributes": {
                            "id": "poi-eks-cluster20181112145042729000000001-20181112145048774900000004",
                            "policy_arn": "arn:aws:iam::aws:policy/AmazonEKSClusterPolicy",
                            "role": "poi-eks-cluster20181112145042729000000001"
                        },
                        "meta": {},
                        "tainted": false
                    },
                    "deposed": [],
                    "provider": "provider.aws"
                },
                "aws_iam_role_policy_attachment.cluster_AmazonEKSServicePolicy": {
                    "type": "aws_iam_role_policy_attachment",
                    "depends_on": [
                        "aws_iam_role.cluster"
                    ],
                    "primary": {
                        "id": "poi-eks-cluster20181112145042729000000001-20181112145048761900000003",
                        "attributes": {
                            "id": "poi-eks-cluster20181112145042729000000001-20181112145048761900000003",
                            "policy_arn": "arn:aws:iam::aws:policy/AmazonEKSServicePolicy",
                            "role": "poi-eks-cluster20181112145042729000000001"
                        },
                        "meta": {},
                        "tainted": false
                    },
                    "deposed": [],
                    "provider": "provider.aws"
                },
                "aws_iam_role_policy_attachment.workers_AmazonEC2ContainerRegistryReadOnly": {
                    "type": "aws_iam_role_policy_attachment",
                    "depends_on": [
                        "aws_iam_role.workers"
                    ],
                    "primary": {
                        "id": "poi-eks-cluster20181112150046903400000005-20181112150054744700000009",
                        "attributes": {
                            "id": "poi-eks-cluster20181112150046903400000005-20181112150054744700000009",
                            "policy_arn": "arn:aws:iam::aws:policy/AmazonEC2ContainerRegistryReadOnly",
                            "role": "poi-eks-cluster20181112150046903400000005"
                        },
                        "meta": {},
                        "tainted": false
                    },
                    "deposed": [],
                    "provider": "provider.aws"
                },
                "aws_iam_role_policy_attachment.workers_AmazonEKSWorkerNodePolicy": {
                    "type": "aws_iam_role_policy_attachment",
                    "depends_on": [
                        "aws_iam_role.workers"
                    ],
                    "primary": {
                        "id": "poi-eks-cluster20181112150046903400000005-2018111215005475770000000a",
                        "attributes": {
                            "id": "poi-eks-cluster20181112150046903400000005-2018111215005475770000000a",
                            "policy_arn": "arn:aws:iam::aws:policy/AmazonEKSWorkerNodePolicy",
                            "role": "poi-eks-cluster20181112150046903400000005"
                        },
                        "meta": {},
                        "tainted": false
                    },
                    "deposed": [],
                    "provider": "provider.aws"
                },
                "aws_iam_role_policy_attachment.workers_AmazonEKS_CNI_Policy": {
                    "type": "aws_iam_role_policy_attachment",
                    "depends_on": [
                        "aws_iam_role.workers"
                    ],
                    "primary": {
                        "id": "poi-eks-cluster20181112150046903400000005-2018111215005478460000000b",
                        "attributes": {
                            "id": "poi-eks-cluster20181112150046903400000005-2018111215005478460000000b",
                            "policy_arn": "arn:aws:iam::aws:policy/AmazonEKS_CNI_Policy",
                            "role": "poi-eks-cluster20181112150046903400000005"
                        },
                        "meta": {},
                        "tainted": false
                    },
                    "deposed": [],
                    "provider": "provider.aws"
                },
                "aws_iam_role_policy_attachment.workers_autoscaling": {
                    "type": "aws_iam_role_policy_attachment",
                    "depends_on": [
                        "aws_iam_policy.worker_autoscaling",
                        "aws_iam_role.workers"
                    ],
                    "primary": {
                        "id": "poi-eks-cluster20181112150046903400000005-2018111215005480270000000c",
                        "attributes": {
                            "id": "poi-eks-cluster20181112150046903400000005-2018111215005480270000000c",
                            "policy_arn": "arn:aws:iam::077978206904:policy/eks-worker-autoscaling-poi-eks-cluster20181112150046927400000007",
                            "role": "poi-eks-cluster20181112150046903400000005"
                        },
                        "meta": {},
                        "tainted": false
                    },
                    "deposed": [],
                    "provider": "provider.aws"
                },
                "aws_launch_configuration.workers": {
                    "type": "aws_launch_configuration",
                    "depends_on": [
                        "aws_eks_cluster.this",
                        "aws_iam_instance_profile.workers.*",
                        "data.template_file.userdata.*",
                        "local.ebs_optimized",
                        "local.worker_security_group_id",
                        "local.workers_group_defaults"
                    ],
                    "primary": {
                        "id": "poi-eks-cluster-02018111215010039420000000d",
                        "attributes": {
                            "associate_public_ip_address": "false",
                            "ebs_block_device.#": "0",
                            "ebs_optimized": "false",
                            "enable_monitoring": "true",
                            "ephemeral_block_device.#": "0",
                            "iam_instance_profile": "poi-eks-cluster20181112150053227000000008",
                            "id": "poi-eks-cluster-02018111215010039420000000d",
                            "image_id": "ami-00c3b2d35bddd4f5c",
                            "instance_type": "t2.medium",
                            "key_name": "",
                            "name": "poi-eks-cluster-02018111215010039420000000d",
                            "name_prefix": "poi-eks-cluster-0",
                            "root_block_device.#": "1",
                            "root_block_device.0.delete_on_termination": "true",
                            "root_block_device.0.iops": "0",
                            "root_block_device.0.volume_size": "100",
                            "root_block_device.0.volume_type": "gp2",
                            "security_groups.#": "1",
                            "security_groups.2390100246": "sg-0c1068c7530d6a697",
                            "spot_price": "",
                            "user_data_base64": "IyEvYmluL2Jhc2ggLXhlCgojIEFsbG93IHVzZXIgc3VwcGxpZWQgcHJlIHVzZXJkYXRhIGNvZGUKCgojIEJvb3RzdHJhcCBhbmQgam9pbiB0aGUgY2x1c3RlcgovZXRjL2Vrcy9ib290c3RyYXAuc2ggLS1iNjQtY2x1c3Rlci1jYSAnTFMwdExTMUNSVWRKVGlCRFJWSlVTVVpKUTBGVVJTMHRMUzB0Q2sxSlNVTjVSRU5EUVdKRFowRjNTVUpCWjBsQ1FVUkJUa0puYTNGb2EybEhPWGN3UWtGUmMwWkJSRUZXVFZKTmQwVlJXVVJXVVZGRVJYZHdjbVJYU213S1kyMDFiR1JIVm5wTlFqUllSRlJGTkUxVVJYaE5ha1V3VGxSak1VNUdiMWhFVkVrMFRWUkZkMDlVUlRCT1ZHTXhUa1p2ZDBaVVJWUk5Ra1ZIUVRGVlJRcEJlRTFMWVROV2FWcFlTblZhV0ZKc1kzcERRMEZUU1hkRVVWbEtTMjlhU1doMlkwNUJVVVZDUWxGQlJHZG5SVkJCUkVORFFWRnZRMmRuUlVKQlRtdElDa3BIVVZCNFp6UjFkRE5LTTNadVdrWnZWM1JsVW5CU2FUaFdWRmMyYVU5ek4waHJZbVowTmt0RlJFWTRXVU1yUVhCbk16ZDZRV3d3ZUd0R1RuUjBVVlFLU3pnMk0zUXJiamhDY1ZGQlZIWnVjRWRwUldoQlZXVndaalJTY1V0UEwwZG5RbGRxWmpoUVl5dElVWEY2ZDFORE1qRk9ZMjkxV2xSQmFXOUlLMFZLY3dvNVpUVTNRVkZXZFcxSmFrdGlTekI2Tkc5T1lsSlpTWEp4YXpkNlJqbDRVR0ZCZVROWVN6WlpPVWd2WTBGc1lsaFNiVVZDVlZwMlRuVnVhRXhFTVVwckNsZHNLMHBRTkZjMmFYUnpNUzlPV0VVelVVOVlZVmRFY1ZOeWFUTkJWMnMwWTNodmRUSkVOSGR6TW1WSkx6Tm1Sa3RZVEVGTmNESXZaa1ZQT0NzM2VGSUtNbTFqV1RKWGVsaE5RbmQxYW1WTlpIQklSazB4WkhScmJUQkdkazl6WlNzdlEydE9iMWhwWm5GNVRUbHZkeXR4U25Gd0x6VTFWa0Y0VjJoQmJUQldlUXA0YkV3dmRWQlpVVTlXU1dGcFpsRnBhV0pGUTBGM1JVRkJZVTFxVFVORmQwUm5XVVJXVWpCUVFWRklMMEpCVVVSQlowdHJUVUU0UjBFeFZXUkZkMFZDQ2k5M1VVWk5RVTFDUVdZNGQwUlJXVXBMYjFwSmFIWmpUa0ZSUlV4Q1VVRkVaMmRGUWtGSWMwMXRObUZMS3pBMU1ETkVXRXR3WjFobWJXcE5SVlJ0ZEZnS05sTjZiazFhWlVadllrWkRTMEZSU21sMWJXSkVTMjVyVW5aT2N6UjJZVVJTWldFMGVHUk9aMkoxU2t4SFV6UjRNbGx3V0ZkWGNFaDZibVZNUldaVGNncFZZMk0zWlZGQ05WcExjR1ozYUdKR0x5OWpkM1J3UlZoYU5tOXdhV1JxV0dVMFJuQlpkMUZFVjBrM2FHYzVPRlk1VlhwTWVGcFlXR1F2YkU5WVJVcFpDbXh2WVZKTlNqYzBUVlozVG5kNGNtdHJNamczTTBONVVIVkNUazVNTkc4MGVubG5hMWxIUVZORVRteHhXbFZ3YzFGbmJGWlZValJ4TVU5VU1qZDRiWGNLVkRsUk9FdGpWM0pQSzJaamNUVkhNekZwY0hOQmIyZHJVaTlRU2pGSmJ5OVhaa3hTZFhGbkwySlljbWhXTTI1NVpIWnpOazAzTVc1TU1UTTRNSEpTS3dwT1IwTlVNVzh3TVhOSlQzQkhkbXBYV2xoak1WSk1UaTgzYURreWRtY3ZVVzVEWmxKQmVXdFpla3BVUW05SmNuZGhhekk1UjFwUUsya3haejBLTFMwdExTMUZUa1FnUTBWU1ZFbEdTVU5CVkVVdExTMHRMUW89JyAtLWFwaXNlcnZlci1lbmRwb2ludCAnaHR0cHM6Ly9ENERGNEREMTYwNDlGOUU1QzA5QTI1QkJCNkFDODhFNC55bDQuZXUtd2VzdC0xLmVrcy5hbWF6b25hd3MuY29tJyAtLWt1YmVsZXQtZXh0cmEtYXJncyAnJyAncG9pLWVrcy1jbHVzdGVyJwoKIyBBbGxvdyB1c2VyIHN1cHBsaWVkIHVzZXJkYXRhIGNvZGUKCg==",
                            "vpc_classic_link_id": "",
                            "vpc_classic_link_security_groups.#": "0"
                        },
                        "meta": {},
                        "tainted": false
                    },
                    "deposed": [],
                    "provider": "provider.aws"
                },
                "aws_security_group.cluster": {
                    "type": "aws_security_group",
                    "depends_on": [],
                    "primary": {
                        "id": "sg-03e51eeeb304dd9b6",
                        "attributes": {
                            "arn": "arn:aws:ec2:eu-west-1:077978206904:security-group/sg-03e51eeeb304dd9b6",
                            "description": "EKS cluster security group.",
                            "egress.#": "0",
                            "id": "sg-03e51eeeb304dd9b6",
                            "ingress.#": "0",
                            "name": "poi-eks-cluster20181112145042729000000002",
                            "name_prefix": "poi-eks-cluster",
                            "owner_id": "077978206904",
                            "revoke_rules_on_delete": "false",
                            "tags.%": "2",
                            "tags.Environment": "poi-eks-env",
                            "tags.Name": "poi-eks-cluster-eks_cluster_sg",
                            "vpc_id": "vpc-3842495d"
                        },
                        "meta": {
                            "e2bfb730-ecaa-11e6-8f88-34363bc7c4c0": {
                                "create": 600000000000,
                                "delete": 600000000000
                            },
                            "schema_version": "1"
                        },
                        "tainted": false
                    },
                    "deposed": [],
                    "provider": "provider.aws"
                },
                "aws_security_group.workers": {
                    "type": "aws_security_group",
                    "depends_on": [
                        "aws_eks_cluster.this"
                    ],
                    "primary": {
                        "id": "sg-0c1068c7530d6a697",
                        "attributes": {
                            "arn": "arn:aws:ec2:eu-west-1:077978206904:security-group/sg-0c1068c7530d6a697",
                            "description": "Security group for all nodes in the cluster.",
                            "egress.#": "0",
                            "id": "sg-0c1068c7530d6a697",
                            "ingress.#": "0",
                            "name": "poi-eks-cluster20181112150046904500000006",
                            "name_prefix": "poi-eks-cluster",
                            "owner_id": "077978206904",
                            "revoke_rules_on_delete": "false",
                            "tags.%": "3",
                            "tags.Environment": "poi-eks-env",
                            "tags.Name": "poi-eks-cluster-eks_worker_sg",
                            "tags.kubernetes.io/cluster/poi-eks-cluster": "owned",
                            "vpc_id": "vpc-3842495d"
                        },
                        "meta": {
                            "e2bfb730-ecaa-11e6-8f88-34363bc7c4c0": {
                                "create": 600000000000,
                                "delete": 600000000000
                            },
                            "schema_version": "1"
                        },
                        "tainted": false
                    },
                    "deposed": [],
                    "provider": "provider.aws"
                },
                "aws_security_group_rule.cluster_egress_internet": {
                    "type": "aws_security_group_rule",
                    "depends_on": [
                        "aws_security_group.cluster"
                    ],
                    "primary": {
                        "id": "sgrule-3008376012",
                        "attributes": {
                            "cidr_blocks.#": "1",
                            "cidr_blocks.0": "0.0.0.0/0",
                            "description": "Allow cluster egress access to the Internet.",
                            "from_port": "0",
                            "id": "sgrule-3008376012",
                            "protocol": "-1",
                            "security_group_id": "sg-03e51eeeb304dd9b6",
                            "self": "false",
                            "to_port": "0",
                            "type": "egress"
                        },
                        "meta": {
                            "schema_version": "2"
                        },
                        "tainted": false
                    },
                    "deposed": [],
                    "provider": "provider.aws"
                },
                "aws_security_group_rule.cluster_https_worker_ingress": {
                    "type": "aws_security_group_rule",
                    "depends_on": [
                        "aws_security_group.cluster",
                        "local.worker_security_group_id"
                    ],
                    "primary": {
                        "id": "sgrule-1332668048",
                        "attributes": {
                            "description": "Allow pods to communicate with the EKS cluster API.",
                            "from_port": "443",
                            "id": "sgrule-1332668048",
                            "protocol": "tcp",
                            "security_group_id": "sg-03e51eeeb304dd9b6",
                            "self": "false",
                            "source_security_group_id": "sg-0c1068c7530d6a697",
                            "to_port": "443",
                            "type": "ingress"
                        },
                        "meta": {
                            "schema_version": "2"
                        },
                        "tainted": false
                    },
                    "deposed": [],
                    "provider": "provider.aws"
                },
                "aws_security_group_rule.workers_egress_internet": {
                    "type": "aws_security_group_rule",
                    "depends_on": [
                        "aws_security_group.workers"
                    ],
                    "primary": {
                        "id": "sgrule-1851403480",
                        "attributes": {
                            "cidr_blocks.#": "1",
                            "cidr_blocks.0": "0.0.0.0/0",
                            "description": "Allow nodes all egress to the Internet.",
                            "from_port": "0",
                            "id": "sgrule-1851403480",
                            "protocol": "-1",
                            "security_group_id": "sg-0c1068c7530d6a697",
                            "self": "false",
                            "to_port": "0",
                            "type": "egress"
                        },
                        "meta": {
                            "schema_version": "2"
                        },
                        "tainted": false
                    },
                    "deposed": [],
                    "provider": "provider.aws"
                },
                "aws_security_group_rule.workers_ingress_cluster": {
                    "type": "aws_security_group_rule",
                    "depends_on": [
                        "aws_security_group.workers",
                        "local.cluster_security_group_id"
                    ],
                    "primary": {
                        "id": "sgrule-4234145352",
                        "attributes": {
                            "description": "Allow workers Kubelets and pods to receive communication from the cluster control plane.",
                            "from_port": "1025",
                            "id": "sgrule-4234145352",
                            "protocol": "tcp",
                            "security_group_id": "sg-0c1068c7530d6a697",
                            "self": "false",
                            "source_security_group_id": "sg-03e51eeeb304dd9b6",
                            "to_port": "65535",
                            "type": "ingress"
                        },
                        "meta": {
                            "schema_version": "2"
                        },
                        "tainted": false
                    },
                    "deposed": [],
                    "provider": "provider.aws"
                },
                "aws_security_group_rule.workers_ingress_cluster_https": {
                    "type": "aws_security_group_rule",
                    "depends_on": [
                        "aws_security_group.workers",
                        "local.cluster_security_group_id"
                    ],
                    "primary": {
                        "id": "sgrule-3453657617",
                        "attributes": {
                            "description": "Allow pods running extension API servers on port 443 to receive communication from cluster control plane.",
                            "from_port": "443",
                            "id": "sgrule-3453657617",
                            "protocol": "tcp",
                            "security_group_id": "sg-0c1068c7530d6a697",
                            "self": "false",
                            "source_security_group_id": "sg-03e51eeeb304dd9b6",
                            "to_port": "443",
                            "type": "ingress"
                        },
                        "meta": {
                            "schema_version": "2"
                        },
                        "tainted": false
                    },
                    "deposed": [],
                    "provider": "provider.aws"
                },
                "aws_security_group_rule.workers_ingress_self": {
                    "type": "aws_security_group_rule",
                    "depends_on": [
                        "aws_security_group.workers"
                    ],
                    "primary": {
                        "id": "sgrule-104457586",
                        "attributes": {
                            "description": "Allow node to communicate with each other.",
                            "from_port": "0",
                            "id": "sgrule-104457586",
                            "protocol": "-1",
                            "security_group_id": "sg-0c1068c7530d6a697",
                            "self": "false",
                            "source_security_group_id": "sg-0c1068c7530d6a697",
                            "to_port": "65535",
                            "type": "ingress"
                        },
                        "meta": {
                            "schema_version": "2"
                        },
                        "tainted": false
                    },
                    "deposed": [],
                    "provider": "provider.aws"
                },
                "data.aws_ami.eks_worker": {
                    "type": "aws_ami",
                    "depends_on": [],
                    "primary": {
                        "id": "ami-00c3b2d35bddd4f5c",
                        "attributes": {
                            "architecture": "x86_64",
                            "block_device_mappings.#": "1",
                            "block_device_mappings.3798922657.device_name": "/dev/xvda",
                            "block_device_mappings.3798922657.ebs.%": "6",
                            "block_device_mappings.3798922657.ebs.delete_on_termination": "true",
                            "block_device_mappings.3798922657.ebs.encrypted": "false",
                            "block_device_mappings.3798922657.ebs.iops": "0",
                            "block_device_mappings.3798922657.ebs.snapshot_id": "snap-010578862f5c2aa55",
                            "block_device_mappings.3798922657.ebs.volume_size": "20",
                            "block_device_mappings.3798922657.ebs.volume_type": "gp2",
                            "block_device_mappings.3798922657.no_device": "",
                            "block_device_mappings.3798922657.virtual_name": "",
                            "creation_date": "2018-10-23T20:50:36.000Z",
                            "description": "EKS Kubernetes Worker AMI with AmazonLinux2 image",
                            "filter.#": "1",
                            "filter.655774675.name": "name",
                            "filter.655774675.values.#": "1",
                            "filter.655774675.values.0": "amazon-eks-node-*",
                            "hypervisor": "xen",
                            "id": "ami-00c3b2d35bddd4f5c",
                            "image_id": "ami-00c3b2d35bddd4f5c",
                            "image_location": "602401143452/amazon-eks-node-v25",
                            "image_type": "machine",
                            "most_recent": "true",
                            "name": "amazon-eks-node-v25",
                            "owner_id": "602401143452",
                            "owners.#": "1",
                            "owners.0": "602401143452",
                            "product_codes.#": "0",
                            "public": "true",
                            "root_device_name": "/dev/xvda",
                            "root_device_type": "ebs",
                            "root_snapshot_id": "snap-010578862f5c2aa55",
                            "sriov_net_support": "simple",
                            "state": "available",
                            "state_reason.%": "2",
                            "state_reason.code": "UNSET",
                            "state_reason.message": "UNSET",
                            "tags.%": "0",
                            "virtualization_type": "hvm"
                        },
                        "meta": {},
                        "tainted": false
                    },
                    "deposed": [],
                    "provider": "provider.aws"
                },
                "data.aws_caller_identity.current": {
                    "type": "aws_caller_identity",
                    "depends_on": [],
                    "primary": {
                        "id": "2018-11-12 14:50:19.8458854 +0000 UTC",
                        "attributes": {
                            "account_id": "077978206904",
                            "arn": "arn:aws:iam::077978206904:user/terraform-user",
                            "id": "2018-11-12 14:50:19.8458854 +0000 UTC",
                            "user_id": "AIDAIH4OO6JVIPWRAE7WO"
                        },
                        "meta": {},
                        "tainted": false
                    },
                    "deposed": [],
                    "provider": "provider.aws"
                },
                "data.aws_iam_policy_document.cluster_assume_role_policy": {
                    "type": "aws_iam_policy_document",
                    "depends_on": [],
                    "primary": {
                        "id": "2764486067",
                        "attributes": {
                            "id": "2764486067",
                            "json": "{\n  \"Version\": \"2012-10-17\",\n  \"Statement\": [\n    {\n      \"Sid\": \"EKSClusterAssumeRole\",\n      \"Effect\": \"Allow\",\n      \"Action\": \"sts:AssumeRole\",\n      \"Principal\": {\n        \"Service\": \"eks.amazonaws.com\"\n      }\n    }\n  ]\n}",
                            "statement.#": "1",
                            "statement.0.actions.#": "1",
                            "statement.0.actions.2528466339": "sts:AssumeRole",
                            "statement.0.condition.#": "0",
                            "statement.0.effect": "Allow",
                            "statement.0.not_actions.#": "0",
                            "statement.0.not_principals.#": "0",
                            "statement.0.not_resources.#": "0",
                            "statement.0.principals.#": "1",
                            "statement.0.principals.2705940588.identifiers.#": "1",
                            "statement.0.principals.2705940588.identifiers.3220076542": "eks.amazonaws.com",
                            "statement.0.principals.2705940588.type": "Service",
                            "statement.0.resources.#": "0",
                            "statement.0.sid": "EKSClusterAssumeRole"
                        },
                        "meta": {},
                        "tainted": false
                    },
                    "deposed": [],
                    "provider": "provider.aws"
                },
                "data.aws_iam_policy_document.worker_autoscaling": {
                    "type": "aws_iam_policy_document",
                    "depends_on": [
                        "aws_eks_cluster.this"
                    ],
                    "primary": {
                        "id": "832504497",
                        "attributes": {
                            "id": "832504497",
                            "json": "{\n  \"Version\": \"2012-10-17\",\n  \"Statement\": [\n    {\n      \"Sid\": \"eksWorkerAutoscalingAll\",\n      \"Effect\": \"Allow\",\n      \"Action\": [\n        \"autoscaling:GetAsgForInstance\",\n        \"autoscaling:DescribeTags\",\n        \"autoscaling:DescribeLaunchConfigurations\",\n        \"autoscaling:DescribeAutoScalingInstances\",\n        \"autoscaling:DescribeAutoScalingGroups\"\n      ],\n      \"Resource\": \"*\"\n    },\n    {\n      \"Sid\": \"eksWorkerAutoscalingOwn\",\n      \"Effect\": \"Allow\",\n      \"Action\": [\n        \"autoscaling:UpdateAutoScalingGroup\",\n        \"autoscaling:TerminateInstanceInAutoScalingGroup\",\n        \"autoscaling:SetDesiredCapacity\"\n      ],\n      \"Resource\": \"*\",\n      \"Condition\": {\n        \"StringEquals\": {\n          \"autoscaling:ResourceTag/k8s.io/cluster-autoscaler/enabled\": \"true\",\n          \"autoscaling:ResourceTag/kubernetes.io/cluster/poi-eks-cluster\": \"owned\"\n        }\n      }\n    }\n  ]\n}",
                            "statement.#": "2",
                            "statement.0.actions.#": "5",
                            "statement.0.actions.1274732150": "autoscaling:DescribeAutoScalingGroups",
                            "statement.0.actions.2448883636": "autoscaling:DescribeAutoScalingInstances",
                            "statement.0.actions.2555065653": "autoscaling:DescribeLaunchConfigurations",
                            "statement.0.actions.3701464416": "autoscaling:DescribeTags",
                            "statement.0.actions.4281419483": "autoscaling:GetAsgForInstance",
                            "statement.0.condition.#": "0",
                            "statement.0.effect": "Allow",
                            "statement.0.not_actions.#": "0",
                            "statement.0.not_principals.#": "0",
                            "statement.0.not_resources.#": "0",
                            "statement.0.principals.#": "0",
                            "statement.0.resources.#": "1",
                            "statement.0.resources.2679715827": "*",
                            "statement.0.sid": "eksWorkerAutoscalingAll",
                            "statement.1.actions.#": "3",
                            "statement.1.actions.1536675971": "autoscaling:UpdateAutoScalingGroup",
                            "statement.1.actions.3469696720": "autoscaling:TerminateInstanceInAutoScalingGroup",
                            "statement.1.actions.557626329": "autoscaling:SetDesiredCapacity",
                            "statement.1.condition.#": "2",
                            "statement.1.condition.3636405986.test": "StringEquals",
                            "statement.1.condition.3636405986.values.#": "1",
                            "statement.1.condition.3636405986.values.4043113848": "true",
                            "statement.1.condition.3636405986.variable": "autoscaling:ResourceTag/k8s.io/cluster-autoscaler/enabled",
                            "statement.1.condition.4028998177.test": "StringEquals",
                            "statement.1.condition.4028998177.values.#": "1",
                            "statement.1.condition.4028998177.values.653127311": "owned",
                            "statement.1.condition.4028998177.variable": "autoscaling:ResourceTag/kubernetes.io/cluster/poi-eks-cluster",
                            "statement.1.effect": "Allow",
                            "statement.1.not_actions.#": "0",
                            "statement.1.not_principals.#": "0",
                            "statement.1.not_resources.#": "0",
                            "statement.1.principals.#": "0",
                            "statement.1.resources.#": "1",
                            "statement.1.resources.2679715827": "*",
                            "statement.1.sid": "eksWorkerAutoscalingOwn"
                        },
                        "meta": {},
                        "tainted": false
                    },
                    "deposed": [],
                    "provider": "provider.aws"
                },
                "data.aws_iam_policy_document.workers_assume_role_policy": {
                    "type": "aws_iam_policy_document",
                    "depends_on": [],
                    "primary": {
                        "id": "3778018924",
                        "attributes": {
                            "id": "3778018924",
                            "json": "{\n  \"Version\": \"2012-10-17\",\n  \"Statement\": [\n    {\n      \"Sid\": \"EKSWorkerAssumeRole\",\n      \"Effect\": \"Allow\",\n      \"Action\": \"sts:AssumeRole\",\n      \"Principal\": {\n        \"Service\": \"ec2.amazonaws.com\"\n      }\n    }\n  ]\n}",
                            "statement.#": "1",
                            "statement.0.actions.#": "1",
                            "statement.0.actions.2528466339": "sts:AssumeRole",
                            "statement.0.condition.#": "0",
                            "statement.0.effect": "Allow",
                            "statement.0.not_actions.#": "0",
                            "statement.0.not_principals.#": "0",
                            "statement.0.not_resources.#": "0",
                            "statement.0.principals.#": "1",
                            "statement.0.principals.1134724139.identifiers.#": "1",
                            "statement.0.principals.1134724139.identifiers.3655884555": "ec2.amazonaws.com",
                            "statement.0.principals.1134724139.type": "Service",
                            "statement.0.resources.#": "0",
                            "statement.0.sid": "EKSWorkerAssumeRole"
                        },
                        "meta": {},
                        "tainted": false
                    },
                    "deposed": [],
                    "provider": "provider.aws"
                },
                "data.aws_region.current": {
                    "type": "aws_region",
                    "depends_on": [],
                    "primary": {
                        "id": "eu-west-1",
                        "attributes": {
                            "current": "true",
                            "description": "EU (Ireland)",
                            "endpoint": "ec2.eu-west-1.amazonaws.com",
                            "id": "eu-west-1",
                            "name": "eu-west-1"
                        },
                        "meta": {},
                        "tainted": false
                    },
                    "deposed": [],
                    "provider": "provider.aws"
                },
                "data.template_file.config_map_aws_auth": {
                    "type": "template_file",
                    "depends_on": [
                        "data.template_file.map_accounts.*",
                        "data.template_file.map_roles.*",
                        "data.template_file.map_users.*",
                        "data.template_file.worker_role_arns.*"
                    ],
                    "primary": {
                        "id": "fe65272870b38262c16403eba20e377f63c1e0da8be3b858d267f883adaff0d3",
                        "attributes": {
                            "id": "fe65272870b38262c16403eba20e377f63c1e0da8be3b858d267f883adaff0d3",
                            "rendered": "apiVersion: v1\nkind: ConfigMap\nmetadata:\n  name: aws-auth\n  namespace: kube-system\ndata:\n  mapRoles: |\n    - rolearn: arn:aws:iam::077978206904:role/poi-eks-cluster20181112150046903400000005\n      username: system:node:{{EC2PrivateDNSName}}\n      groups:\n        - system:bootstrappers\n        - system:nodes\n\n\n  mapUsers: |\n\n  mapAccounts: |\n\n",
                            "template": "apiVersion: v1\nkind: ConfigMap\nmetadata:\n  name: aws-auth\n  namespace: kube-system\ndata:\n  mapRoles: |\n${worker_role_arn}\n${map_roles}\n  mapUsers: |\n${map_users}\n  mapAccounts: |\n${map_accounts}\n",
                            "vars.%": "4",
                            "vars.map_accounts": "",
                            "vars.map_roles": "",
                            "vars.map_users": "",
                            "vars.worker_role_arn": "    - rolearn: arn:aws:iam::077978206904:role/poi-eks-cluster20181112150046903400000005\n      username: system:node:{{EC2PrivateDNSName}}\n      groups:\n        - system:bootstrappers\n        - system:nodes\n"
                        },
                        "meta": {},
                        "tainted": false
                    },
                    "deposed": [],
                    "provider": "module.eks.provider.template"
                },
                "data.template_file.kubeconfig": {
                    "type": "template_file",
                    "depends_on": [
                        "aws_eks_cluster.this",
                        "data.aws_region.current",
                        "data.template_file.aws_authenticator_env_variables.*",
                        "local.kubeconfig_name"
                    ],
                    "primary": {
                        "id": "8c4e55c454750d3ceed8936702a16d62d2a32814a33f8bd03309ad4b4d440a2f",
                        "attributes": {
                            "id": "8c4e55c454750d3ceed8936702a16d62d2a32814a33f8bd03309ad4b4d440a2f",
                            "rendered": "apiVersion: v1\npreferences: {}\nkind: Config\n\nclusters:\n- cluster:\n    server: https://D4DF4DD16049F9E5C09A25BBB6AC88E4.yl4.eu-west-1.eks.amazonaws.com\n    certificate-authority-data: LS0tLS1CRUdJTiBDRVJUSUZJQ0FURS0tLS0tCk1JSUN5RENDQWJDZ0F3SUJBZ0lCQURBTkJna3Foa2lHOXcwQkFRc0ZBREFWTVJNd0VRWURWUVFERXdwcmRXSmwKY201bGRHVnpNQjRYRFRFNE1URXhNakUwTlRjMU5Gb1hEVEk0TVRFd09URTBOVGMxTkZvd0ZURVRNQkVHQTFVRQpBeE1LYTNWaVpYSnVaWFJsY3pDQ0FTSXdEUVlKS29aSWh2Y05BUUVCQlFBRGdnRVBBRENDQVFvQ2dnRUJBTmtICkpHUVB4ZzR1dDNKM3ZuWkZvV3RlUnBSaThWVFc2aU9zN0hrYmZ0NktFREY4WUMrQXBnMzd6QWwweGtGTnR0UVQKSzg2M3QrbjhCcVFBVHZucEdpRWhBVWVwZjRScUtPL0dnQldqZjhQYytIUXF6d1NDMjFOY291WlRBaW9IK0VKcwo5ZTU3QVFWdW1JaktiSzB6NG9OYlJZSXJxazd6Rjl4UGFBeTNYSzZZOUgvY0FsYlhSbUVCVVp2TnVuaExEMUprCldsK0pQNFc2aXRzMS9OWEUzUU9YYVdEcVNyaTNBV2s0Y3hvdTJENHdzMmVJLzNmRktYTEFNcDIvZkVPOCs3eFIKMm1jWTJXelhNQnd1amVNZHBIRk0xZHRrbTBGdk9zZSsvQ2tOb1hpZnF5TTlvdytxSnFwLzU1VkF4V2hBbTBWeQp4bEwvdVBZUU9WSWFpZlFpaWJFQ0F3RUFBYU1qTUNFd0RnWURWUjBQQVFIL0JBUURBZ0trTUE4R0ExVWRFd0VCCi93UUZNQU1CQWY4d0RRWUpLb1pJaHZjTkFRRUxCUUFEZ2dFQkFIc01tNmFLKzA1MDNEWEtwZ1hmbWpNRVRtdFgKNlN6bk1aZUZvYkZDS0FRSml1bWJES25rUnZOczR2YURSZWE0eGROZ2J1SkxHUzR4MllwWFdXcEh6bmVMRWZTcgpVY2M3ZVFCNVpLcGZ3aGJGLy9jd3RwRVhaNm9waWRqWGU0RnBZd1FEV0k3aGc5OFY5VXpMeFpYWGQvbE9YRUpZCmxvYVJNSjc0TVZ3Tnd4cmtrMjg3M0N5UHVCTk5MNG80enlna1lHQVNETmxxWlVwc1FnbFZVUjRxMU9UMjd4bXcKVDlROEtjV3JPK2ZjcTVHMzFpcHNBb2drUi9QSjFJby9XZkxSdXFnL2JYcmhWM255ZHZzNk03MW5MMTM4MHJSKwpOR0NUMW8wMXNJT3BHdmpXWlhjMVJMTi83aDkydmcvUW5DZlJBeWtZekpUQm9JcndhazI5R1pQK2kxZz0KLS0tLS1FTkQgQ0VSVElGSUNBVEUtLS0tLQo=\n  name: eks_poi-eks-cluster\n\ncontexts:\n- context:\n    cluster: eks_poi-eks-cluster\n    user: eks_poi-eks-cluster\n  name: eks_poi-eks-cluster\n\ncurrent-context: eks_poi-eks-cluster\n\nusers:\n- name: eks_poi-eks-cluster\n  user:\n    exec:\n      apiVersion: client.authentication.k8s.io/v1alpha1\n      command: aws-iam-authenticator\n      args:\n        - \"token\"\n        - \"-i\"\n        - \"poi-eks-cluster\"\n\n\n",
                            "template": "apiVersion: v1\npreferences: {}\nkind: Config\n\nclusters:\n- cluster:\n    server: ${endpoint}\n    certificate-authority-data: ${cluster_auth_base64}\n  name: ${kubeconfig_name}\n\ncontexts:\n- context:\n    cluster: ${kubeconfig_name}\n    user: ${kubeconfig_name}\n  name: ${kubeconfig_name}\n\ncurrent-context: ${kubeconfig_name}\n\nusers:\n- name: ${kubeconfig_name}\n  user:\n    exec:\n      apiVersion: client.authentication.k8s.io/v1alpha1\n      command: ${aws_authenticator_command}\n      args:\n        - \"token\"\n        - \"-i\"\n        - \"${cluster_name}\"\n${aws_authenticator_additional_args}\n${aws_authenticator_env_variables}\n",
                            "vars.%": "8",
                            "vars.aws_authenticator_additional_args": "",
                            "vars.aws_authenticator_command": "aws-iam-authenticator",
                            "vars.aws_authenticator_env_variables": "",
                            "vars.cluster_auth_base64": "LS0tLS1CRUdJTiBDRVJUSUZJQ0FURS0tLS0tCk1JSUN5RENDQWJDZ0F3SUJBZ0lCQURBTkJna3Foa2lHOXcwQkFRc0ZBREFWTVJNd0VRWURWUVFERXdwcmRXSmwKY201bGRHVnpNQjRYRFRFNE1URXhNakUwTlRjMU5Gb1hEVEk0TVRFd09URTBOVGMxTkZvd0ZURVRNQkVHQTFVRQpBeE1LYTNWaVpYSnVaWFJsY3pDQ0FTSXdEUVlKS29aSWh2Y05BUUVCQlFBRGdnRVBBRENDQVFvQ2dnRUJBTmtICkpHUVB4ZzR1dDNKM3ZuWkZvV3RlUnBSaThWVFc2aU9zN0hrYmZ0NktFREY4WUMrQXBnMzd6QWwweGtGTnR0UVQKSzg2M3QrbjhCcVFBVHZucEdpRWhBVWVwZjRScUtPL0dnQldqZjhQYytIUXF6d1NDMjFOY291WlRBaW9IK0VKcwo5ZTU3QVFWdW1JaktiSzB6NG9OYlJZSXJxazd6Rjl4UGFBeTNYSzZZOUgvY0FsYlhSbUVCVVp2TnVuaExEMUprCldsK0pQNFc2aXRzMS9OWEUzUU9YYVdEcVNyaTNBV2s0Y3hvdTJENHdzMmVJLzNmRktYTEFNcDIvZkVPOCs3eFIKMm1jWTJXelhNQnd1amVNZHBIRk0xZHRrbTBGdk9zZSsvQ2tOb1hpZnF5TTlvdytxSnFwLzU1VkF4V2hBbTBWeQp4bEwvdVBZUU9WSWFpZlFpaWJFQ0F3RUFBYU1qTUNFd0RnWURWUjBQQVFIL0JBUURBZ0trTUE4R0ExVWRFd0VCCi93UUZNQU1CQWY4d0RRWUpLb1pJaHZjTkFRRUxCUUFEZ2dFQkFIc01tNmFLKzA1MDNEWEtwZ1hmbWpNRVRtdFgKNlN6bk1aZUZvYkZDS0FRSml1bWJES25rUnZOczR2YURSZWE0eGROZ2J1SkxHUzR4MllwWFdXcEh6bmVMRWZTcgpVY2M3ZVFCNVpLcGZ3aGJGLy9jd3RwRVhaNm9waWRqWGU0RnBZd1FEV0k3aGc5OFY5VXpMeFpYWGQvbE9YRUpZCmxvYVJNSjc0TVZ3Tnd4cmtrMjg3M0N5UHVCTk5MNG80enlna1lHQVNETmxxWlVwc1FnbFZVUjRxMU9UMjd4bXcKVDlROEtjV3JPK2ZjcTVHMzFpcHNBb2drUi9QSjFJby9XZkxSdXFnL2JYcmhWM255ZHZzNk03MW5MMTM4MHJSKwpOR0NUMW8wMXNJT3BHdmpXWlhjMVJMTi83aDkydmcvUW5DZlJBeWtZekpUQm9JcndhazI5R1pQK2kxZz0KLS0tLS1FTkQgQ0VSVElGSUNBVEUtLS0tLQo=",
                            "vars.cluster_name": "poi-eks-cluster",
                            "vars.endpoint": "https://D4DF4DD16049F9E5C09A25BBB6AC88E4.yl4.eu-west-1.eks.amazonaws.com",
                            "vars.kubeconfig_name": "eks_poi-eks-cluster",
                            "vars.region": "eu-west-1"
                        },
                        "meta": {},
                        "tainted": false
                    },
                    "deposed": [],
                    "provider": "module.eks.provider.template"
                },
                "data.template_file.userdata": {
                    "type": "template_file",
                    "depends_on": [
                        "aws_eks_cluster.this",
                        "local.workers_group_defaults"
                    ],
                    "primary": {
                        "id": "64cb616a9bd2827f8b9b91a3df17d0995f4ebc5c36b621db55681ab1b69e040a",
                        "attributes": {
                            "id": "64cb616a9bd2827f8b9b91a3df17d0995f4ebc5c36b621db55681ab1b69e040a",
                            "rendered": "#!/bin/bash -xe\n\n# Allow user supplied pre userdata code\n\n\n# Bootstrap and join the cluster\n/etc/eks/bootstrap.sh --b64-cluster-ca 'LS0tLS1CRUdJTiBDRVJUSUZJQ0FURS0tLS0tCk1JSUN5RENDQWJDZ0F3SUJBZ0lCQURBTkJna3Foa2lHOXcwQkFRc0ZBREFWTVJNd0VRWURWUVFERXdwcmRXSmwKY201bGRHVnpNQjRYRFRFNE1URXhNakUwTlRjMU5Gb1hEVEk0TVRFd09URTBOVGMxTkZvd0ZURVRNQkVHQTFVRQpBeE1LYTNWaVpYSnVaWFJsY3pDQ0FTSXdEUVlKS29aSWh2Y05BUUVCQlFBRGdnRVBBRENDQVFvQ2dnRUJBTmtICkpHUVB4ZzR1dDNKM3ZuWkZvV3RlUnBSaThWVFc2aU9zN0hrYmZ0NktFREY4WUMrQXBnMzd6QWwweGtGTnR0UVQKSzg2M3QrbjhCcVFBVHZucEdpRWhBVWVwZjRScUtPL0dnQldqZjhQYytIUXF6d1NDMjFOY291WlRBaW9IK0VKcwo5ZTU3QVFWdW1JaktiSzB6NG9OYlJZSXJxazd6Rjl4UGFBeTNYSzZZOUgvY0FsYlhSbUVCVVp2TnVuaExEMUprCldsK0pQNFc2aXRzMS9OWEUzUU9YYVdEcVNyaTNBV2s0Y3hvdTJENHdzMmVJLzNmRktYTEFNcDIvZkVPOCs3eFIKMm1jWTJXelhNQnd1amVNZHBIRk0xZHRrbTBGdk9zZSsvQ2tOb1hpZnF5TTlvdytxSnFwLzU1VkF4V2hBbTBWeQp4bEwvdVBZUU9WSWFpZlFpaWJFQ0F3RUFBYU1qTUNFd0RnWURWUjBQQVFIL0JBUURBZ0trTUE4R0ExVWRFd0VCCi93UUZNQU1CQWY4d0RRWUpLb1pJaHZjTkFRRUxCUUFEZ2dFQkFIc01tNmFLKzA1MDNEWEtwZ1hmbWpNRVRtdFgKNlN6bk1aZUZvYkZDS0FRSml1bWJES25rUnZOczR2YURSZWE0eGROZ2J1SkxHUzR4MllwWFdXcEh6bmVMRWZTcgpVY2M3ZVFCNVpLcGZ3aGJGLy9jd3RwRVhaNm9waWRqWGU0RnBZd1FEV0k3aGc5OFY5VXpMeFpYWGQvbE9YRUpZCmxvYVJNSjc0TVZ3Tnd4cmtrMjg3M0N5UHVCTk5MNG80enlna1lHQVNETmxxWlVwc1FnbFZVUjRxMU9UMjd4bXcKVDlROEtjV3JPK2ZjcTVHMzFpcHNBb2drUi9QSjFJby9XZkxSdXFnL2JYcmhWM255ZHZzNk03MW5MMTM4MHJSKwpOR0NUMW8wMXNJT3BHdmpXWlhjMVJMTi83aDkydmcvUW5DZlJBeWtZekpUQm9JcndhazI5R1pQK2kxZz0KLS0tLS1FTkQgQ0VSVElGSUNBVEUtLS0tLQo=' --apiserver-endpoint 'https://D4DF4DD16049F9E5C09A25BBB6AC88E4.yl4.eu-west-1.eks.amazonaws.com' --kubelet-extra-args '' 'poi-eks-cluster'\n\n# Allow user supplied userdata code\n\n",
                            "template": "#!/bin/bash -xe\n\n# Allow user supplied pre userdata code\n${pre_userdata}\n\n# Bootstrap and join the cluster\n/etc/eks/bootstrap.sh --b64-cluster-ca '${cluster_auth_base64}' --apiserver-endpoint '${endpoint}' --kubelet-extra-args '${kubelet_extra_args}' '${cluster_name}'\n\n# Allow user supplied userdata code\n${additional_userdata}\n",
                            "vars.%": "6",
                            "vars.additional_userdata": "",
                            "vars.cluster_auth_base64": "LS0tLS1CRUdJTiBDRVJUSUZJQ0FURS0tLS0tCk1JSUN5RENDQWJDZ0F3SUJBZ0lCQURBTkJna3Foa2lHOXcwQkFRc0ZBREFWTVJNd0VRWURWUVFERXdwcmRXSmwKY201bGRHVnpNQjRYRFRFNE1URXhNakUwTlRjMU5Gb1hEVEk0TVRFd09URTBOVGMxTkZvd0ZURVRNQkVHQTFVRQpBeE1LYTNWaVpYSnVaWFJsY3pDQ0FTSXdEUVlKS29aSWh2Y05BUUVCQlFBRGdnRVBBRENDQVFvQ2dnRUJBTmtICkpHUVB4ZzR1dDNKM3ZuWkZvV3RlUnBSaThWVFc2aU9zN0hrYmZ0NktFREY4WUMrQXBnMzd6QWwweGtGTnR0UVQKSzg2M3QrbjhCcVFBVHZucEdpRWhBVWVwZjRScUtPL0dnQldqZjhQYytIUXF6d1NDMjFOY291WlRBaW9IK0VKcwo5ZTU3QVFWdW1JaktiSzB6NG9OYlJZSXJxazd6Rjl4UGFBeTNYSzZZOUgvY0FsYlhSbUVCVVp2TnVuaExEMUprCldsK0pQNFc2aXRzMS9OWEUzUU9YYVdEcVNyaTNBV2s0Y3hvdTJENHdzMmVJLzNmRktYTEFNcDIvZkVPOCs3eFIKMm1jWTJXelhNQnd1amVNZHBIRk0xZHRrbTBGdk9zZSsvQ2tOb1hpZnF5TTlvdytxSnFwLzU1VkF4V2hBbTBWeQp4bEwvdVBZUU9WSWFpZlFpaWJFQ0F3RUFBYU1qTUNFd0RnWURWUjBQQVFIL0JBUURBZ0trTUE4R0ExVWRFd0VCCi93UUZNQU1CQWY4d0RRWUpLb1pJaHZjTkFRRUxCUUFEZ2dFQkFIc01tNmFLKzA1MDNEWEtwZ1hmbWpNRVRtdFgKNlN6bk1aZUZvYkZDS0FRSml1bWJES25rUnZOczR2YURSZWE0eGROZ2J1SkxHUzR4MllwWFdXcEh6bmVMRWZTcgpVY2M3ZVFCNVpLcGZ3aGJGLy9jd3RwRVhaNm9waWRqWGU0RnBZd1FEV0k3aGc5OFY5VXpMeFpYWGQvbE9YRUpZCmxvYVJNSjc0TVZ3Tnd4cmtrMjg3M0N5UHVCTk5MNG80enlna1lHQVNETmxxWlVwc1FnbFZVUjRxMU9UMjd4bXcKVDlROEtjV3JPK2ZjcTVHMzFpcHNBb2drUi9QSjFJby9XZkxSdXFnL2JYcmhWM255ZHZzNk03MW5MMTM4MHJSKwpOR0NUMW8wMXNJT3BHdmpXWlhjMVJMTi83aDkydmcvUW5DZlJBeWtZekpUQm9JcndhazI5R1pQK2kxZz0KLS0tLS1FTkQgQ0VSVElGSUNBVEUtLS0tLQo=",
                            "vars.cluster_name": "poi-eks-cluster",
                            "vars.endpoint": "https://D4DF4DD16049F9E5C09A25BBB6AC88E4.yl4.eu-west-1.eks.amazonaws.com",
                            "vars.kubelet_extra_args": "",
                            "vars.pre_userdata": ""
                        },
                        "meta": {},
                        "tainted": false
                    },
                    "deposed": [],
                    "provider": "module.eks.provider.template"
                },
                "data.template_file.worker_role_arns": {
                    "type": "template_file",
                    "depends_on": [
                        "aws_iam_instance_profile.workers.*",
                        "data.aws_caller_identity.current"
                    ],
                    "primary": {
                        "id": "1ef9b1dde2c77cb31668cdb439e5e68667865e67e99091e16de56154b14e0fa3",
                        "attributes": {
                            "id": "1ef9b1dde2c77cb31668cdb439e5e68667865e67e99091e16de56154b14e0fa3",
                            "rendered": "    - rolearn: arn:aws:iam::077978206904:role/poi-eks-cluster20181112150046903400000005\n      username: system:node:{{EC2PrivateDNSName}}\n      groups:\n        - system:bootstrappers\n        - system:nodes\n",
                            "template": "    - rolearn: ${worker_role_arn}\n      username: system:node:{{EC2PrivateDNSName}}\n      groups:\n        - system:bootstrappers\n        - system:nodes\n",
                            "vars.%": "1",
                            "vars.worker_role_arn": "arn:aws:iam::077978206904:role/poi-eks-cluster20181112150046903400000005"
                        },
                        "meta": {},
                        "tainted": false
                    },
                    "deposed": [],
                    "provider": "module.eks.provider.template"
                },
                "local_file.config_map_aws_auth": {
                    "type": "local_file",
                    "depends_on": [
                        "data.template_file.config_map_aws_auth"
                    ],
                    "primary": {
                        "id": "61740f7da860da5e9336e29f337b9f7cb4f45cee",
                        "attributes": {
                            "content": "apiVersion: v1\nkind: ConfigMap\nmetadata:\n  name: aws-auth\n  namespace: kube-system\ndata:\n  mapRoles: |\n    - rolearn: arn:aws:iam::077978206904:role/poi-eks-cluster20181112150046903400000005\n      username: system:node:{{EC2PrivateDNSName}}\n      groups:\n        - system:bootstrappers\n        - system:nodes\n\n\n  mapUsers: |\n\n  mapAccounts: |\n\n",
                            "filename": "./config-map-aws-auth_poi-eks-cluster.yaml",
                            "id": "61740f7da860da5e9336e29f337b9f7cb4f45cee"
                        },
                        "meta": {},
                        "tainted": false
                    },
                    "deposed": [],
                    "provider": "provider.local"
                },
                "local_file.kubeconfig": {
                    "type": "local_file",
                    "depends_on": [
                        "data.template_file.kubeconfig"
                    ],
                    "primary": {
                        "id": "d3b3f7595139dfd6234409cd78a396069f9e0de4",
                        "attributes": {
                            "content": "apiVersion: v1\npreferences: {}\nkind: Config\n\nclusters:\n- cluster:\n    server: https://D4DF4DD16049F9E5C09A25BBB6AC88E4.yl4.eu-west-1.eks.amazonaws.com\n    certificate-authority-data: LS0tLS1CRUdJTiBDRVJUSUZJQ0FURS0tLS0tCk1JSUN5RENDQWJDZ0F3SUJBZ0lCQURBTkJna3Foa2lHOXcwQkFRc0ZBREFWTVJNd0VRWURWUVFERXdwcmRXSmwKY201bGRHVnpNQjRYRFRFNE1URXhNakUwTlRjMU5Gb1hEVEk0TVRFd09URTBOVGMxTkZvd0ZURVRNQkVHQTFVRQpBeE1LYTNWaVpYSnVaWFJsY3pDQ0FTSXdEUVlKS29aSWh2Y05BUUVCQlFBRGdnRVBBRENDQVFvQ2dnRUJBTmtICkpHUVB4ZzR1dDNKM3ZuWkZvV3RlUnBSaThWVFc2aU9zN0hrYmZ0NktFREY4WUMrQXBnMzd6QWwweGtGTnR0UVQKSzg2M3QrbjhCcVFBVHZucEdpRWhBVWVwZjRScUtPL0dnQldqZjhQYytIUXF6d1NDMjFOY291WlRBaW9IK0VKcwo5ZTU3QVFWdW1JaktiSzB6NG9OYlJZSXJxazd6Rjl4UGFBeTNYSzZZOUgvY0FsYlhSbUVCVVp2TnVuaExEMUprCldsK0pQNFc2aXRzMS9OWEUzUU9YYVdEcVNyaTNBV2s0Y3hvdTJENHdzMmVJLzNmRktYTEFNcDIvZkVPOCs3eFIKMm1jWTJXelhNQnd1amVNZHBIRk0xZHRrbTBGdk9zZSsvQ2tOb1hpZnF5TTlvdytxSnFwLzU1VkF4V2hBbTBWeQp4bEwvdVBZUU9WSWFpZlFpaWJFQ0F3RUFBYU1qTUNFd0RnWURWUjBQQVFIL0JBUURBZ0trTUE4R0ExVWRFd0VCCi93UUZNQU1CQWY4d0RRWUpLb1pJaHZjTkFRRUxCUUFEZ2dFQkFIc01tNmFLKzA1MDNEWEtwZ1hmbWpNRVRtdFgKNlN6bk1aZUZvYkZDS0FRSml1bWJES25rUnZOczR2YURSZWE0eGROZ2J1SkxHUzR4MllwWFdXcEh6bmVMRWZTcgpVY2M3ZVFCNVpLcGZ3aGJGLy9jd3RwRVhaNm9waWRqWGU0RnBZd1FEV0k3aGc5OFY5VXpMeFpYWGQvbE9YRUpZCmxvYVJNSjc0TVZ3Tnd4cmtrMjg3M0N5UHVCTk5MNG80enlna1lHQVNETmxxWlVwc1FnbFZVUjRxMU9UMjd4bXcKVDlROEtjV3JPK2ZjcTVHMzFpcHNBb2drUi9QSjFJby9XZkxSdXFnL2JYcmhWM255ZHZzNk03MW5MMTM4MHJSKwpOR0NUMW8wMXNJT3BHdmpXWlhjMVJMTi83aDkydmcvUW5DZlJBeWtZekpUQm9JcndhazI5R1pQK2kxZz0KLS0tLS1FTkQgQ0VSVElGSUNBVEUtLS0tLQo=\n  name: eks_poi-eks-cluster\n\ncontexts:\n- context:\n    cluster: eks_poi-eks-cluster\n    user: eks_poi-eks-cluster\n  name: eks_poi-eks-cluster\n\ncurrent-context: eks_poi-eks-cluster\n\nusers:\n- name: eks_poi-eks-cluster\n  user:\n    exec:\n      apiVersion: client.authentication.k8s.io/v1alpha1\n      command: aws-iam-authenticator\n      args:\n        - \"token\"\n        - \"-i\"\n        - \"poi-eks-cluster\"\n\n\n",
                            "filename": "./kubeconfig_poi-eks-cluster",
                            "id": "d3b3f7595139dfd6234409cd78a396069f9e0de4"
                        },
                        "meta": {},
                        "tainted": false
                    },
                    "deposed": [],
                    "provider": "provider.local"
                },
                "null_resource.tags_as_list_of_maps": {
                    "type": "null_resource",
                    "depends_on": [],
                    "primary": {
                        "id": "9002294971603423036",
                        "attributes": {
                            "id": "9002294971603423036",
                            "triggers.%": "3",
                            "triggers.key": "Environment",
                            "triggers.propagate_at_launch": "true",
                            "triggers.value": "poi-eks-env"
                        },
                        "meta": {},
                        "tainted": false
                    },
                    "deposed": [],
                    "provider": "module.eks.provider.null"
                },
                "null_resource.update_config_map_aws_auth": {
                    "type": "null_resource",
                    "depends_on": [
                        "aws_eks_cluster.this",
                        "data.template_file.config_map_aws_auth"
                    ],
                    "primary": {
                        "id": "6723567334385867812",
                        "attributes": {
                            "id": "6723567334385867812",
                            "triggers.%": "1",
                            "triggers.config_map_rendered": "apiVersion: v1\nkind: ConfigMap\nmetadata:\n  name: aws-auth\n  namespace: kube-system\ndata:\n  mapRoles: |\n    - rolearn: arn:aws:iam::077978206904:role/poi-eks-cluster20181112150046903400000005\n      username: system:node:{{EC2PrivateDNSName}}\n      groups:\n        - system:bootstrappers\n        - system:nodes\n\n\n  mapUsers: |\n\n  mapAccounts: |\n\n"
                        },
                        "meta": {},
                        "tainted": false
                    },
                    "deposed": [],
                    "provider": "module.eks.provider.null"
                }
            },
            "depends_on": []
        }
    ]
}
