{
    "version": 3,
    "terraform_version": "0.11.10",
    "serial": 11,
    "lineage": "58443617-061e-b75e-170e-1cbcb6766b1f",
    "modules": [
        {
            "path": [
                "root"
            ],
            "outputs": {},
            "resources": {},
            "depends_on": []
        },
        {
            "path": [
                "root",
                "eks"
            ],
            "outputs": {
                "cluster_certificate_authority_data": {
                    "sensitive": false,
                    "type": "string",
                    "value": "LS0tLS1CRUdJTiBDRVJUSUZJQ0FURS0tLS0tCk1JSUN5RENDQWJDZ0F3SUJBZ0lCQURBTkJna3Foa2lHOXcwQkFRc0ZBREFWTVJNd0VRWURWUVFERXdwcmRXSmwKY201bGRHVnpNQjRYRFRFNE1URXhNakV5TWpBeU9Wb1hEVEk0TVRFd09URXlNakF5T1Zvd0ZURVRNQkVHQTFVRQpBeE1LYTNWaVpYSnVaWFJsY3pDQ0FTSXdEUVlKS29aSWh2Y05BUUVCQlFBRGdnRVBBRENDQVFvQ2dnRUJBT0NiCjFjeTFabUdkMVpJQ3ZxRXNoVFkrTkJKWjd2RWkvWWtCcUZHVzlqN21NT1VFS2VsWFQ3Wng5SDJIL1ZLOFFaTGQKa2d5TVV3d0hTaE9GTU5yWlJSTnZuNi83U3dCK2ErNXR1b3dOWCsyd2kxODE3V1lLZEN6bTYwalpJT0l2NHBXYQpBRlljKzdiQUJpenI1OUJFMUdtSmwzQTlsc21oc1AvZmU4Zk5QY0VmYTdCMTJHcmljZDM1OEl6MHVwd0xDSDloCmIzVTE2UER1NzhWTWhFNlVDWm1iZ2xPeG94dDBkZTExdVo0STBacU94RmhycEdZT0VoV21FT3BDYVBHZlB4c0UKMWhZRTBRcFVtSjZTN09RTVlDU3dsekdyRjRFblpNZ0pCbFdaL2JhTjdmYkhTaFNwbnVqRGxIekRWb0JkTWN4WgpZUCtvRk5xV2Q4YzQwTW1vOWlVQ0F3RUFBYU1qTUNFd0RnWURWUjBQQVFIL0JBUURBZ0trTUE4R0ExVWRFd0VCCi93UUZNQU1CQWY4d0RRWUpLb1pJaHZjTkFRRUxCUUFEZ2dFQkFNZzdXS0Q2ZXdiSUFqMEVGYkJmSDV6UUtabG4KZGxzZTd3ZFlRemIrSHZla05yUnE3eDgwNzB3ZndtenZyZDdUNm5rTkpwbG5xOVRlWjV6Y3o5RXQ4SGlMRGp0cgpaenhwTGlJRndjK0NGU3BGWmNVSUJ4ZUFsRVlPRmVoRjFTSXNJcjRobHRib05MbmJiWEhEVU90OTRzVGwrREJ6CitpdWthSjBJV3RkR1VvOFVmcXJTNG14YS8yL1hCMzBzeFJiOGNLWWlMdU5yZDBtUTFrV0g5alc5T1NjVDVRNFQKMUw3VmxzS3BCZTRhWFdCZzFUZld4M2o2STdVZlQwS3lENnQ2NmsvNHlKZzdqSUhVc2VFa0JSbWsvWllmMjd2egp2QktsanJWaHNWNjBSanhqSXlaM251YXdOdVNzWXZMdzFkaHMyb3V0RGw2RytHODdEOUwwbGw3cTdOWT0KLS0tLS1FTkQgQ0VSVElGSUNBVEUtLS0tLQo="
                },
                "cluster_endpoint": {
                    "sensitive": false,
                    "type": "string",
                    "value": "https://095CB970CDEEB69F96F7E97ED12FEB9E.sk1.eu-west-1.eks.amazonaws.com"
                },
                "cluster_id": {
                    "sensitive": false,
                    "type": "string",
                    "value": "poi-eks-cluster"
                },
                "cluster_security_group_id": {
                    "sensitive": false,
                    "type": "string",
                    "value": "sg-035d7e4a608a20e6f"
                },
                "cluster_version": {
                    "sensitive": false,
                    "type": "string",
                    "value": "1.10"
                },
                "config_map_aws_auth": {
                    "sensitive": false,
                    "type": "string",
                    "value": "apiVersion: v1\nkind: ConfigMap\nmetadata:\n  name: aws-auth\n  namespace: kube-system\ndata:\n  mapRoles: |\n    - rolearn: arn:aws:iam::077978206904:role/poi-eks-cluster20181112122333980500000005\n      username: system:node:{{EC2PrivateDNSName}}\n      groups:\n        - system:bootstrappers\n        - system:nodes\n\n\n  mapUsers: |\n\n  mapAccounts: |\n\n"
                },
                "kubeconfig": {
                    "sensitive": false,
                    "type": "string",
                    "value": "apiVersion: v1\npreferences: {}\nkind: Config\n\nclusters:\n- cluster:\n    server: https://095CB970CDEEB69F96F7E97ED12FEB9E.sk1.eu-west-1.eks.amazonaws.com\n    certificate-authority-data: LS0tLS1CRUdJTiBDRVJUSUZJQ0FURS0tLS0tCk1JSUN5RENDQWJDZ0F3SUJBZ0lCQURBTkJna3Foa2lHOXcwQkFRc0ZBREFWTVJNd0VRWURWUVFERXdwcmRXSmwKY201bGRHVnpNQjRYRFRFNE1URXhNakV5TWpBeU9Wb1hEVEk0TVRFd09URXlNakF5T1Zvd0ZURVRNQkVHQTFVRQpBeE1LYTNWaVpYSnVaWFJsY3pDQ0FTSXdEUVlKS29aSWh2Y05BUUVCQlFBRGdnRVBBRENDQVFvQ2dnRUJBT0NiCjFjeTFabUdkMVpJQ3ZxRXNoVFkrTkJKWjd2RWkvWWtCcUZHVzlqN21NT1VFS2VsWFQ3Wng5SDJIL1ZLOFFaTGQKa2d5TVV3d0hTaE9GTU5yWlJSTnZuNi83U3dCK2ErNXR1b3dOWCsyd2kxODE3V1lLZEN6bTYwalpJT0l2NHBXYQpBRlljKzdiQUJpenI1OUJFMUdtSmwzQTlsc21oc1AvZmU4Zk5QY0VmYTdCMTJHcmljZDM1OEl6MHVwd0xDSDloCmIzVTE2UER1NzhWTWhFNlVDWm1iZ2xPeG94dDBkZTExdVo0STBacU94RmhycEdZT0VoV21FT3BDYVBHZlB4c0UKMWhZRTBRcFVtSjZTN09RTVlDU3dsekdyRjRFblpNZ0pCbFdaL2JhTjdmYkhTaFNwbnVqRGxIekRWb0JkTWN4WgpZUCtvRk5xV2Q4YzQwTW1vOWlVQ0F3RUFBYU1qTUNFd0RnWURWUjBQQVFIL0JBUURBZ0trTUE4R0ExVWRFd0VCCi93UUZNQU1CQWY4d0RRWUpLb1pJaHZjTkFRRUxCUUFEZ2dFQkFNZzdXS0Q2ZXdiSUFqMEVGYkJmSDV6UUtabG4KZGxzZTd3ZFlRemIrSHZla05yUnE3eDgwNzB3ZndtenZyZDdUNm5rTkpwbG5xOVRlWjV6Y3o5RXQ4SGlMRGp0cgpaenhwTGlJRndjK0NGU3BGWmNVSUJ4ZUFsRVlPRmVoRjFTSXNJcjRobHRib05MbmJiWEhEVU90OTRzVGwrREJ6CitpdWthSjBJV3RkR1VvOFVmcXJTNG14YS8yL1hCMzBzeFJiOGNLWWlMdU5yZDBtUTFrV0g5alc5T1NjVDVRNFQKMUw3VmxzS3BCZTRhWFdCZzFUZld4M2o2STdVZlQwS3lENnQ2NmsvNHlKZzdqSUhVc2VFa0JSbWsvWllmMjd2egp2QktsanJWaHNWNjBSanhqSXlaM251YXdOdVNzWXZMdzFkaHMyb3V0RGw2RytHODdEOUwwbGw3cTdOWT0KLS0tLS1FTkQgQ0VSVElGSUNBVEUtLS0tLQo=\n  name: eks_poi-eks-cluster\n\ncontexts:\n- context:\n    cluster: eks_poi-eks-cluster\n    user: eks_poi-eks-cluster\n  name: eks_poi-eks-cluster\n\ncurrent-context: eks_poi-eks-cluster\n\nusers:\n- name: eks_poi-eks-cluster\n  user:\n    exec:\n      apiVersion: client.authentication.k8s.io/v1alpha1\n      command: aws-iam-authenticator\n      args:\n        - \"token\"\n        - \"-i\"\n        - \"poi-eks-cluster\"\n\n\n"
                },
                "worker_iam_role_arn": {
                    "sensitive": false,
                    "type": "string",
                    "value": "arn:aws:iam::077978206904:role/poi-eks-cluster20181112122333980500000005"
                },
                "worker_iam_role_name": {
                    "sensitive": false,
                    "type": "string",
                    "value": "poi-eks-cluster20181112122333980500000005"
                },
                "worker_security_group_id": {
                    "sensitive": false,
                    "type": "string",
                    "value": "sg-0e4fdf39129a50902"
                },
                "workers_asg_arns": {
                    "sensitive": false,
                    "type": "list",
                    "value": [
                        "arn:aws:autoscaling:eu-west-1:077978206904:autoScalingGroup:cdd54eab-ee36-4671-93a2-95b68e351beb:autoScalingGroupName/poi-eks-cluster-default2018111212235445370000000e"
                    ]
                },
                "workers_asg_names": {
                    "sensitive": false,
                    "type": "list",
                    "value": [
                        "poi-eks-cluster-default2018111212235445370000000e"
                    ]
                }
            },
            "resources": {
                "aws_autoscaling_group.workers": {
                    "type": "aws_autoscaling_group",
                    "depends_on": [
                        "aws_eks_cluster.this",
                        "aws_launch_configuration.workers.*",
                        "local.asg_tags",
                        "local.workers_group_defaults"
                    ],
                    "primary": {
                        "id": "poi-eks-cluster-default2018111212235445370000000e",
                        "attributes": {
                            "arn": "arn:aws:autoscaling:eu-west-1:077978206904:autoScalingGroup:cdd54eab-ee36-4671-93a2-95b68e351beb:autoScalingGroupName/poi-eks-cluster-default2018111212235445370000000e",
                            "availability_zones.#": "3",
                            "availability_zones.1924028850": "eu-west-1b",
                            "availability_zones.3953592328": "eu-west-1a",
                            "availability_zones.94988580": "eu-west-1c",
                            "default_cooldown": "300",
                            "desired_capacity": "1",
                            "enabled_metrics.#": "0",
                            "force_delete": "false",
                            "health_check_grace_period": "300",
                            "health_check_type": "EC2",
                            "id": "poi-eks-cluster-default2018111212235445370000000e",
                            "launch_configuration": "poi-eks-cluster-default2018111212234615850000000d",
                            "launch_template.#": "0",
                            "load_balancers.#": "0",
                            "max_size": "3",
                            "metrics_granularity": "1Minute",
                            "min_size": "1",
                            "name": "poi-eks-cluster-default2018111212235445370000000e",
                            "name_prefix": "poi-eks-cluster-default",
                            "placement_group": "",
                            "protect_from_scale_in": "false",
                            "service_linked_role_arn": "arn:aws:iam::077978206904:role/aws-service-role/autoscaling.amazonaws.com/AWSServiceRoleForAutoScaling",
                            "suspended_processes.#": "0",
                            "tags.#": "4",
                            "tags.0.%": "3",
                            "tags.0.key": "Name",
                            "tags.0.propagate_at_launch": "1",
                            "tags.0.value": "poi-eks-cluster-default-eks_asg",
                            "tags.1.%": "3",
                            "tags.1.key": "kubernetes.io/cluster/poi-eks-cluster",
                            "tags.1.propagate_at_launch": "1",
                            "tags.1.value": "owned",
                            "tags.2.%": "3",
                            "tags.2.key": "k8s.io/cluster-autoscaler/disabled",
                            "tags.2.propagate_at_launch": "0",
                            "tags.2.value": "true",
                            "tags.3.%": "3",
                            "tags.3.key": "Environment",
                            "tags.3.propagate_at_launch": "1",
                            "tags.3.value": "poi-eks-env",
                            "target_group_arns.#": "0",
                            "termination_policies.#": "0",
                            "vpc_zone_identifier.#": "3",
                            "vpc_zone_identifier.1523456390": "subnet-0f90d4b2597e54dc9",
                            "vpc_zone_identifier.833480210": "subnet-037ac1c0e6a3ba2fb",
                            "vpc_zone_identifier.947301147": "subnet-093f483dc98504530",
                            "wait_for_capacity_timeout": "10m"
                        },
                        "meta": {
                            "e2bfb730-ecaa-11e6-8f88-34363bc7c4c0": {
                                "delete": 600000000000
                            }
                        },
                        "tainted": false
                    },
                    "deposed": [],
                    "provider": "provider.aws"
                },
                "aws_eks_cluster.this": {
                    "type": "aws_eks_cluster",
                    "depends_on": [
                        "aws_iam_role.cluster",
                        "aws_iam_role_policy_attachment.cluster_AmazonEKSClusterPolicy",
                        "aws_iam_role_policy_attachment.cluster_AmazonEKSServicePolicy",
                        "local.cluster_security_group_id"
                    ],
                    "primary": {
                        "id": "poi-eks-cluster",
                        "attributes": {
                            "arn": "arn:aws:eks:eu-west-1:077978206904:cluster/poi-eks-cluster",
                            "certificate_authority.#": "1",
                            "certificate_authority.0.data": "LS0tLS1CRUdJTiBDRVJUSUZJQ0FURS0tLS0tCk1JSUN5RENDQWJDZ0F3SUJBZ0lCQURBTkJna3Foa2lHOXcwQkFRc0ZBREFWTVJNd0VRWURWUVFERXdwcmRXSmwKY201bGRHVnpNQjRYRFRFNE1URXhNakV5TWpBeU9Wb1hEVEk0TVRFd09URXlNakF5T1Zvd0ZURVRNQkVHQTFVRQpBeE1LYTNWaVpYSnVaWFJsY3pDQ0FTSXdEUVlKS29aSWh2Y05BUUVCQlFBRGdnRVBBRENDQVFvQ2dnRUJBT0NiCjFjeTFabUdkMVpJQ3ZxRXNoVFkrTkJKWjd2RWkvWWtCcUZHVzlqN21NT1VFS2VsWFQ3Wng5SDJIL1ZLOFFaTGQKa2d5TVV3d0hTaE9GTU5yWlJSTnZuNi83U3dCK2ErNXR1b3dOWCsyd2kxODE3V1lLZEN6bTYwalpJT0l2NHBXYQpBRlljKzdiQUJpenI1OUJFMUdtSmwzQTlsc21oc1AvZmU4Zk5QY0VmYTdCMTJHcmljZDM1OEl6MHVwd0xDSDloCmIzVTE2UER1NzhWTWhFNlVDWm1iZ2xPeG94dDBkZTExdVo0STBacU94RmhycEdZT0VoV21FT3BDYVBHZlB4c0UKMWhZRTBRcFVtSjZTN09RTVlDU3dsekdyRjRFblpNZ0pCbFdaL2JhTjdmYkhTaFNwbnVqRGxIekRWb0JkTWN4WgpZUCtvRk5xV2Q4YzQwTW1vOWlVQ0F3RUFBYU1qTUNFd0RnWURWUjBQQVFIL0JBUURBZ0trTUE4R0ExVWRFd0VCCi93UUZNQU1CQWY4d0RRWUpLb1pJaHZjTkFRRUxCUUFEZ2dFQkFNZzdXS0Q2ZXdiSUFqMEVGYkJmSDV6UUtabG4KZGxzZTd3ZFlRemIrSHZla05yUnE3eDgwNzB3ZndtenZyZDdUNm5rTkpwbG5xOVRlWjV6Y3o5RXQ4SGlMRGp0cgpaenhwTGlJRndjK0NGU3BGWmNVSUJ4ZUFsRVlPRmVoRjFTSXNJcjRobHRib05MbmJiWEhEVU90OTRzVGwrREJ6CitpdWthSjBJV3RkR1VvOFVmcXJTNG14YS8yL1hCMzBzeFJiOGNLWWlMdU5yZDBtUTFrV0g5alc5T1NjVDVRNFQKMUw3VmxzS3BCZTRhWFdCZzFUZld4M2o2STdVZlQwS3lENnQ2NmsvNHlKZzdqSUhVc2VFa0JSbWsvWllmMjd2egp2QktsanJWaHNWNjBSanhqSXlaM251YXdOdVNzWXZMdzFkaHMyb3V0RGw2RytHODdEOUwwbGw3cTdOWT0KLS0tLS1FTkQgQ0VSVElGSUNBVEUtLS0tLQo=",
                            "created_at": "2018-11-12 12:12:55 +0000 UTC",
                            "endpoint": "https://095CB970CDEEB69F96F7E97ED12FEB9E.sk1.eu-west-1.eks.amazonaws.com",
                            "id": "poi-eks-cluster",
                            "name": "poi-eks-cluster",
                            "platform_version": "eks.2",
                            "role_arn": "arn:aws:iam::077978206904:role/poi-eks-cluster20181112121241219800000001",
                            "version": "1.10",
                            "vpc_config.#": "1",
                            "vpc_config.0.security_group_ids.#": "1",
                            "vpc_config.0.security_group_ids.3121642222": "sg-035d7e4a608a20e6f",
                            "vpc_config.0.subnet_ids.#": "3",
                            "vpc_config.0.subnet_ids.1737027237": "subnet-0f90d4b2597e54dc9",
                            "vpc_config.0.subnet_ids.2424429063": "subnet-037ac1c0e6a3ba2fb",
                            "vpc_config.0.subnet_ids.3914643950": "subnet-093f483dc98504530",
                            "vpc_config.0.vpc_id": "vpc-0b6e66db6a32a37a8"
                        },
                        "meta": {
                            "e2bfb730-ecaa-11e6-8f88-34363bc7c4c0": {
                                "create": 900000000000,
                                "delete": 900000000000
                            }
                        },
                        "tainted": false
                    },
                    "deposed": [],
                    "provider": "provider.aws"
                },
                "aws_iam_instance_profile.workers": {
                    "type": "aws_iam_instance_profile",
                    "depends_on": [
                        "aws_eks_cluster.this",
                        "local.workers_group_defaults"
                    ],
                    "primary": {
                        "id": "poi-eks-cluster20181112122337680100000008",
                        "attributes": {
                            "arn": "arn:aws:iam::077978206904:instance-profile/poi-eks-cluster20181112122337680100000008",
                            "create_date": "2018-11-12T12:23:39Z",
                            "id": "poi-eks-cluster20181112122337680100000008",
                            "name": "poi-eks-cluster20181112122337680100000008",
                            "name_prefix": "poi-eks-cluster",
                            "path": "/",
                            "role": "poi-eks-cluster20181112122333980500000005",
                            "roles.#": "0",
                            "unique_id": "AIPAJD7LZQIPEAQ5QPAM6"
                        },
                        "meta": {},
                        "tainted": false
                    },
                    "deposed": [],
                    "provider": "provider.aws"
                },
                "aws_iam_policy.worker_autoscaling": {
                    "type": "aws_iam_policy",
                    "depends_on": [
                        "aws_eks_cluster.this",
                        "data.aws_iam_policy_document.worker_autoscaling"
                    ],
                    "primary": {
                        "id": "arn:aws:iam::077978206904:policy/eks-worker-autoscaling-poi-eks-cluster20181112122333998500000007",
                        "attributes": {
                            "arn": "arn:aws:iam::077978206904:policy/eks-worker-autoscaling-poi-eks-cluster20181112122333998500000007",
                            "description": "EKS worker node autoscaling policy for cluster poi-eks-cluster",
                            "id": "arn:aws:iam::077978206904:policy/eks-worker-autoscaling-poi-eks-cluster20181112122333998500000007",
                            "name": "eks-worker-autoscaling-poi-eks-cluster20181112122333998500000007",
                            "name_prefix": "eks-worker-autoscaling-poi-eks-cluster",
                            "path": "/",
                            "policy": "{\n  \"Version\": \"2012-10-17\",\n  \"Statement\": [\n    {\n      \"Sid\": \"eksWorkerAutoscalingAll\",\n      \"Effect\": \"Allow\",\n      \"Action\": [\n        \"autoscaling:GetAsgForInstance\",\n        \"autoscaling:DescribeTags\",\n        \"autoscaling:DescribeLaunchConfigurations\",\n        \"autoscaling:DescribeAutoScalingInstances\",\n        \"autoscaling:DescribeAutoScalingGroups\"\n      ],\n      \"Resource\": \"*\"\n    },\n    {\n      \"Sid\": \"eksWorkerAutoscalingOwn\",\n      \"Effect\": \"Allow\",\n      \"Action\": [\n        \"autoscaling:UpdateAutoScalingGroup\",\n        \"autoscaling:TerminateInstanceInAutoScalingGroup\",\n        \"autoscaling:SetDesiredCapacity\"\n      ],\n      \"Resource\": \"*\",\n      \"Condition\": {\n        \"StringEquals\": {\n          \"autoscaling:ResourceTag/k8s.io/cluster-autoscaler/enabled\": \"true\",\n          \"autoscaling:ResourceTag/kubernetes.io/cluster/poi-eks-cluster\": \"owned\"\n        }\n      }\n    }\n  ]\n}"
                        },
                        "meta": {},
                        "tainted": false
                    },
                    "deposed": [],
                    "provider": "provider.aws"
                },
                "aws_iam_role.cluster": {
                    "type": "aws_iam_role",
                    "depends_on": [
                        "data.aws_iam_policy_document.cluster_assume_role_policy"
                    ],
                    "primary": {
                        "id": "poi-eks-cluster20181112121241219800000001",
                        "attributes": {
                            "arn": "arn:aws:iam::077978206904:role/poi-eks-cluster20181112121241219800000001",
                            "assume_role_policy": "{\"Version\":\"2012-10-17\",\"Statement\":[{\"Sid\":\"EKSClusterAssumeRole\",\"Effect\":\"Allow\",\"Principal\":{\"Service\":\"eks.amazonaws.com\"},\"Action\":\"sts:AssumeRole\"}]}",
                            "create_date": "2018-11-12T12:12:42Z",
                            "description": "",
                            "force_detach_policies": "false",
                            "id": "poi-eks-cluster20181112121241219800000001",
                            "max_session_duration": "3600",
                            "name": "poi-eks-cluster20181112121241219800000001",
                            "name_prefix": "poi-eks-cluster",
                            "path": "/",
                            "unique_id": "AROAJ46PQBNVDO525DAHA"
                        },
                        "meta": {},
                        "tainted": false
                    },
                    "deposed": [],
                    "provider": "provider.aws"
                },
                "aws_iam_role.workers": {
                    "type": "aws_iam_role",
                    "depends_on": [
                        "aws_eks_cluster.this",
                        "data.aws_iam_policy_document.workers_assume_role_policy"
                    ],
                    "primary": {
                        "id": "poi-eks-cluster20181112122333980500000005",
                        "attributes": {
                            "arn": "arn:aws:iam::077978206904:role/poi-eks-cluster20181112122333980500000005",
                            "assume_role_policy": "{\"Version\":\"2012-10-17\",\"Statement\":[{\"Sid\":\"EKSWorkerAssumeRole\",\"Effect\":\"Allow\",\"Principal\":{\"Service\":\"ec2.amazonaws.com\"},\"Action\":\"sts:AssumeRole\"}]}",
                            "create_date": "2018-11-12T12:23:35Z",
                            "description": "",
                            "force_detach_policies": "false",
                            "id": "poi-eks-cluster20181112122333980500000005",
                            "max_session_duration": "3600",
                            "name": "poi-eks-cluster20181112122333980500000005",
                            "name_prefix": "poi-eks-cluster",
                            "path": "/",
                            "unique_id": "AROAIK27OEE5EUA4G2SIC"
                        },
                        "meta": {},
                        "tainted": false
                    },
                    "deposed": [],
                    "provider": "provider.aws"
                },
                "aws_iam_role_policy_attachment.cluster_AmazonEKSClusterPolicy": {
                    "type": "aws_iam_role_policy_attachment",
                    "depends_on": [
                        "aws_iam_role.cluster"
                    ],
                    "primary": {
                        "id": "poi-eks-cluster20181112121241219800000001-20181112121246254800000003",
                        "attributes": {
                            "id": "poi-eks-cluster20181112121241219800000001-20181112121246254800000003",
                            "policy_arn": "arn:aws:iam::aws:policy/AmazonEKSClusterPolicy",
                            "role": "poi-eks-cluster20181112121241219800000001"
                        },
                        "meta": {},
                        "tainted": false
                    },
                    "deposed": [],
                    "provider": "provider.aws"
                },
                "aws_iam_role_policy_attachment.cluster_AmazonEKSServicePolicy": {
                    "type": "aws_iam_role_policy_attachment",
                    "depends_on": [
                        "aws_iam_role.cluster"
                    ],
                    "primary": {
                        "id": "poi-eks-cluster20181112121241219800000001-20181112121246392300000004",
                        "attributes": {
                            "id": "poi-eks-cluster20181112121241219800000001-20181112121246392300000004",
                            "policy_arn": "arn:aws:iam::aws:policy/AmazonEKSServicePolicy",
                            "role": "poi-eks-cluster20181112121241219800000001"
                        },
                        "meta": {},
                        "tainted": false
                    },
                    "deposed": [],
                    "provider": "provider.aws"
                },
                "aws_iam_role_policy_attachment.workers_AmazonEC2ContainerRegistryReadOnly": {
                    "type": "aws_iam_role_policy_attachment",
                    "depends_on": [
                        "aws_iam_role.workers"
                    ],
                    "primary": {
                        "id": "poi-eks-cluster20181112122333980500000005-2018111212233932800000000b",
                        "attributes": {
                            "id": "poi-eks-cluster20181112122333980500000005-2018111212233932800000000b",
                            "policy_arn": "arn:aws:iam::aws:policy/AmazonEC2ContainerRegistryReadOnly",
                            "role": "poi-eks-cluster20181112122333980500000005"
                        },
                        "meta": {},
                        "tainted": false
                    },
                    "deposed": [],
                    "provider": "provider.aws"
                },
                "aws_iam_role_policy_attachment.workers_AmazonEKSWorkerNodePolicy": {
                    "type": "aws_iam_role_policy_attachment",
                    "depends_on": [
                        "aws_iam_role.workers"
                    ],
                    "primary": {
                        "id": "poi-eks-cluster20181112122333980500000005-20181112122339204700000009",
                        "attributes": {
                            "id": "poi-eks-cluster20181112122333980500000005-20181112122339204700000009",
                            "policy_arn": "arn:aws:iam::aws:policy/AmazonEKSWorkerNodePolicy",
                            "role": "poi-eks-cluster20181112122333980500000005"
                        },
                        "meta": {},
                        "tainted": false
                    },
                    "deposed": [],
                    "provider": "provider.aws"
                },
                "aws_iam_role_policy_attachment.workers_AmazonEKS_CNI_Policy": {
                    "type": "aws_iam_role_policy_attachment",
                    "depends_on": [
                        "aws_iam_role.workers"
                    ],
                    "primary": {
                        "id": "poi-eks-cluster20181112122333980500000005-2018111212233922970000000a",
                        "attributes": {
                            "id": "poi-eks-cluster20181112122333980500000005-2018111212233922970000000a",
                            "policy_arn": "arn:aws:iam::aws:policy/AmazonEKS_CNI_Policy",
                            "role": "poi-eks-cluster20181112122333980500000005"
                        },
                        "meta": {},
                        "tainted": false
                    },
                    "deposed": [],
                    "provider": "provider.aws"
                },
                "aws_iam_role_policy_attachment.workers_autoscaling": {
                    "type": "aws_iam_role_policy_attachment",
                    "depends_on": [
                        "aws_iam_policy.worker_autoscaling",
                        "aws_iam_role.workers"
                    ],
                    "primary": {
                        "id": "poi-eks-cluster20181112122333980500000005-2018111212234030440000000c",
                        "attributes": {
                            "id": "poi-eks-cluster20181112122333980500000005-2018111212234030440000000c",
                            "policy_arn": "arn:aws:iam::077978206904:policy/eks-worker-autoscaling-poi-eks-cluster20181112122333998500000007",
                            "role": "poi-eks-cluster20181112122333980500000005"
                        },
                        "meta": {},
                        "tainted": false
                    },
                    "deposed": [],
                    "provider": "provider.aws"
                },
                "aws_launch_configuration.workers": {
                    "type": "aws_launch_configuration",
                    "depends_on": [
                        "aws_eks_cluster.this",
                        "aws_iam_instance_profile.workers.*",
                        "data.template_file.userdata.*",
                        "local.ebs_optimized",
                        "local.worker_security_group_id",
                        "local.workers_group_defaults"
                    ],
                    "primary": {
                        "id": "poi-eks-cluster-default2018111212234615850000000d",
                        "attributes": {
                            "associate_public_ip_address": "false",
                            "ebs_block_device.#": "0",
                            "ebs_optimized": "true",
                            "enable_monitoring": "true",
                            "ephemeral_block_device.#": "0",
                            "iam_instance_profile": "poi-eks-cluster20181112122337680100000008",
                            "id": "poi-eks-cluster-default2018111212234615850000000d",
                            "image_id": "ami-00c3b2d35bddd4f5c",
                            "instance_type": "m4.large",
                            "key_name": "",
                            "name": "poi-eks-cluster-default2018111212234615850000000d",
                            "name_prefix": "poi-eks-cluster-default",
                            "root_block_device.#": "1",
                            "root_block_device.0.delete_on_termination": "true",
                            "root_block_device.0.iops": "0",
                            "root_block_device.0.volume_size": "100",
                            "root_block_device.0.volume_type": "gp2",
                            "security_groups.#": "1",
                            "security_groups.565454835": "sg-0e4fdf39129a50902",
                            "spot_price": "",
                            "user_data_base64": "IyEvYmluL2Jhc2ggLXhlCgojIEFsbG93IHVzZXIgc3VwcGxpZWQgcHJlIHVzZXJkYXRhIGNvZGUKCgojIEJvb3RzdHJhcCBhbmQgam9pbiB0aGUgY2x1c3RlcgovZXRjL2Vrcy9ib290c3RyYXAuc2ggLS1iNjQtY2x1c3Rlci1jYSAnTFMwdExTMUNSVWRKVGlCRFJWSlVTVVpKUTBGVVJTMHRMUzB0Q2sxSlNVTjVSRU5EUVdKRFowRjNTVUpCWjBsQ1FVUkJUa0puYTNGb2EybEhPWGN3UWtGUmMwWkJSRUZXVFZKTmQwVlJXVVJXVVZGRVJYZHdjbVJYU213S1kyMDFiR1JIVm5wTlFqUllSRlJGTkUxVVJYaE5ha1Y1VFdwQmVVOVdiMWhFVkVrMFRWUkZkMDlVUlhsTmFrRjVUMVp2ZDBaVVJWUk5Ra1ZIUVRGVlJRcEJlRTFMWVROV2FWcFlTblZhV0ZKc1kzcERRMEZUU1hkRVVWbEtTMjlhU1doMlkwNUJVVVZDUWxGQlJHZG5SVkJCUkVORFFWRnZRMmRuUlVKQlQwTmlDakZqZVRGYWJVZGtNVnBKUTNaeFJYTm9WRmtyVGtKS1dqZDJSV2t2V1d0Q2NVWkhWemxxTjIxTlQxVkZTMlZzV0ZRM1duZzVTREpJTDFaTE9GRmFUR1FLYTJkNVRWVjNkMGhUYUU5R1RVNXlXbEpTVG5adU5pODNVM2RDSzJFck5YUjFiM2RPV0NzeWQya3hPREUzVjFsTFpFTjZiVFl3YWxwSlQwbDJOSEJYWVFwQlJsbGpLemRpUVVKcGVuSTFPVUpGTVVkdFNtd3pRVGxzYzIxb2MxQXZabVU0Wms1UVkwVm1ZVGRDTVRKSGNtbGpaRE0xT0VsNk1IVndkMHhEU0Rsb0NtSXpWVEUyVUVSMU56aFdUV2hGTmxWRFdtMWlaMnhQZUc5NGREQmtaVEV4ZFZvMFNUQmFjVTk0Um1oeWNFZFpUMFZvVjIxRlQzQkRZVkJIWmxCNGMwVUtNV2haUlRCUmNGVnRTalpUTjA5UlRWbERVM2RzZWtkeVJqUkZibHBOWjBwQ2JGZGFMMkpoVGpkbVlraFRhRk53Ym5WcVJHeElla1JXYjBKa1RXTjRXZ3BaVUN0dlJrNXhWMlE0WXpRd1RXMXZPV2xWUTBGM1JVRkJZVTFxVFVORmQwUm5XVVJXVWpCUVFWRklMMEpCVVVSQlowdHJUVUU0UjBFeFZXUkZkMFZDQ2k5M1VVWk5RVTFDUVdZNGQwUlJXVXBMYjFwSmFIWmpUa0ZSUlV4Q1VVRkVaMmRGUWtGTlp6ZFhTMFEyWlhkaVNVRnFNRVZHWWtKbVNEVjZVVXRhYkc0S1pHeHpaVGQzWkZsUmVtSXJTSFpsYTA1eVVuRTNlRGd3TnpCM1puZHRlblp5WkRkVU5tNXJUa3B3Ykc1eE9WUmxXalY2WTNvNVJYUTRTR2xNUkdwMGNncGFlbmh3VEdsSlJuZGpLME5HVTNCR1dtTlZTVUo0WlVGc1JWbFBSbVZvUmpGVFNYTkpjalJvYkhSaWIwNU1ibUppV0VoRVZVOTBPVFJ6Vkd3clJFSjZDaXRwZFd0aFNqQkpWM1JrUjFWdk9GVm1jWEpUTkcxNFlTOHlMMWhDTXpCemVGSmlPR05MV1dsTWRVNXlaREJ0VVRGclYwZzVhbGM1VDFOalZEVlJORlFLTVV3M1ZteHpTM0JDWlRSaFdGZENaekZVWmxkNE0ybzJTVGRWWmxRd1MzbEVOblEyTm1zdk5IbEtaemRxU1VoVmMyVkZhMEpTYldzdldsbG1NamQyZWdwMlFrdHNhbkpXYUhOV05qQlNhbmhxU1hsYU0yNTFZWGRPZFZOeldYWk1kekZrYUhNeWIzVjBSR3cyUnl0SE9EZEVPVXd3Ykd3M2NUZE9XVDBLTFMwdExTMUZUa1FnUTBWU1ZFbEdTVU5CVkVVdExTMHRMUW89JyAtLWFwaXNlcnZlci1lbmRwb2ludCAnaHR0cHM6Ly8wOTVDQjk3MENERUVCNjlGOTZGN0U5N0VEMTJGRUI5RS5zazEuZXUtd2VzdC0xLmVrcy5hbWF6b25hd3MuY29tJyAtLWt1YmVsZXQtZXh0cmEtYXJncyAnJyAncG9pLWVrcy1jbHVzdGVyJwoKIyBBbGxvdyB1c2VyIHN1cHBsaWVkIHVzZXJkYXRhIGNvZGUKCg==",
                            "vpc_classic_link_id": "",
                            "vpc_classic_link_security_groups.#": "0"
                        },
                        "meta": {},
                        "tainted": false
                    },
                    "deposed": [],
                    "provider": "provider.aws"
                },
                "aws_security_group.cluster": {
                    "type": "aws_security_group",
                    "depends_on": [],
                    "primary": {
                        "id": "sg-035d7e4a608a20e6f",
                        "attributes": {
                            "arn": "arn:aws:ec2:eu-west-1:077978206904:security-group/sg-035d7e4a608a20e6f",
                            "description": "EKS cluster security group.",
                            "egress.#": "0",
                            "id": "sg-035d7e4a608a20e6f",
                            "ingress.#": "0",
                            "name": "poi-eks-cluster20181112121241219800000002",
                            "name_prefix": "poi-eks-cluster",
                            "owner_id": "077978206904",
                            "revoke_rules_on_delete": "false",
                            "tags.%": "2",
                            "tags.Environment": "poi-eks-env",
                            "tags.Name": "poi-eks-cluster-eks_cluster_sg",
                            "vpc_id": "vpc-0b6e66db6a32a37a8"
                        },
                        "meta": {
                            "e2bfb730-ecaa-11e6-8f88-34363bc7c4c0": {
                                "create": 600000000000,
                                "delete": 600000000000
                            },
                            "schema_version": "1"
                        },
                        "tainted": false
                    },
                    "deposed": [],
                    "provider": "provider.aws"
                },
                "aws_security_group.workers": {
                    "type": "aws_security_group",
                    "depends_on": [
                        "aws_eks_cluster.this"
                    ],
                    "primary": {
                        "id": "sg-0e4fdf39129a50902",
                        "attributes": {
                            "arn": "arn:aws:ec2:eu-west-1:077978206904:security-group/sg-0e4fdf39129a50902",
                            "description": "Security group for all nodes in the cluster.",
                            "egress.#": "0",
                            "id": "sg-0e4fdf39129a50902",
                            "ingress.#": "0",
                            "name": "poi-eks-cluster20181112122333980500000006",
                            "name_prefix": "poi-eks-cluster",
                            "owner_id": "077978206904",
                            "revoke_rules_on_delete": "false",
                            "tags.%": "3",
                            "tags.Environment": "poi-eks-env",
                            "tags.Name": "poi-eks-cluster-eks_worker_sg",
                            "tags.kubernetes.io/cluster/poi-eks-cluster": "owned",
                            "vpc_id": "vpc-0b6e66db6a32a37a8"
                        },
                        "meta": {
                            "e2bfb730-ecaa-11e6-8f88-34363bc7c4c0": {
                                "create": 600000000000,
                                "delete": 600000000000
                            },
                            "schema_version": "1"
                        },
                        "tainted": false
                    },
                    "deposed": [],
                    "provider": "provider.aws"
                },
                "aws_security_group_rule.cluster_egress_internet": {
                    "type": "aws_security_group_rule",
                    "depends_on": [
                        "aws_security_group.cluster"
                    ],
                    "primary": {
                        "id": "sgrule-1918748854",
                        "attributes": {
                            "cidr_blocks.#": "1",
                            "cidr_blocks.0": "0.0.0.0/0",
                            "description": "Allow cluster egress access to the Internet.",
                            "from_port": "0",
                            "id": "sgrule-1918748854",
                            "protocol": "-1",
                            "security_group_id": "sg-035d7e4a608a20e6f",
                            "self": "false",
                            "to_port": "0",
                            "type": "egress"
                        },
                        "meta": {
                            "schema_version": "2"
                        },
                        "tainted": false
                    },
                    "deposed": [],
                    "provider": "provider.aws"
                },
                "aws_security_group_rule.cluster_https_worker_ingress": {
                    "type": "aws_security_group_rule",
                    "depends_on": [
                        "aws_security_group.cluster",
                        "local.worker_security_group_id"
                    ],
                    "primary": {
                        "id": "sgrule-961352781",
                        "attributes": {
                            "description": "Allow pods to communicate with the EKS cluster API.",
                            "from_port": "443",
                            "id": "sgrule-961352781",
                            "protocol": "tcp",
                            "security_group_id": "sg-035d7e4a608a20e6f",
                            "self": "false",
                            "source_security_group_id": "sg-0e4fdf39129a50902",
                            "to_port": "443",
                            "type": "ingress"
                        },
                        "meta": {
                            "schema_version": "2"
                        },
                        "tainted": false
                    },
                    "deposed": [],
                    "provider": "provider.aws"
                },
                "aws_security_group_rule.workers_egress_internet": {
                    "type": "aws_security_group_rule",
                    "depends_on": [
                        "aws_security_group.workers"
                    ],
                    "primary": {
                        "id": "sgrule-387485003",
                        "attributes": {
                            "cidr_blocks.#": "1",
                            "cidr_blocks.0": "0.0.0.0/0",
                            "description": "Allow nodes all egress to the Internet.",
                            "from_port": "0",
                            "id": "sgrule-387485003",
                            "protocol": "-1",
                            "security_group_id": "sg-0e4fdf39129a50902",
                            "self": "false",
                            "to_port": "0",
                            "type": "egress"
                        },
                        "meta": {
                            "schema_version": "2"
                        },
                        "tainted": false
                    },
                    "deposed": [],
                    "provider": "provider.aws"
                },
                "aws_security_group_rule.workers_ingress_cluster": {
                    "type": "aws_security_group_rule",
                    "depends_on": [
                        "aws_security_group.workers",
                        "local.cluster_security_group_id"
                    ],
                    "primary": {
                        "id": "sgrule-4252417876",
                        "attributes": {
                            "description": "Allow workers Kubelets and pods to receive communication from the cluster control plane.",
                            "from_port": "1025",
                            "id": "sgrule-4252417876",
                            "protocol": "tcp",
                            "security_group_id": "sg-0e4fdf39129a50902",
                            "self": "false",
                            "source_security_group_id": "sg-035d7e4a608a20e6f",
                            "to_port": "65535",
                            "type": "ingress"
                        },
                        "meta": {
                            "schema_version": "2"
                        },
                        "tainted": false
                    },
                    "deposed": [],
                    "provider": "provider.aws"
                },
                "aws_security_group_rule.workers_ingress_cluster_https": {
                    "type": "aws_security_group_rule",
                    "depends_on": [
                        "aws_security_group.workers",
                        "local.cluster_security_group_id"
                    ],
                    "primary": {
                        "id": "sgrule-788543922",
                        "attributes": {
                            "description": "Allow pods running extension API servers on port 443 to receive communication from cluster control plane.",
                            "from_port": "443",
                            "id": "sgrule-788543922",
                            "protocol": "tcp",
                            "security_group_id": "sg-0e4fdf39129a50902",
                            "self": "false",
                            "source_security_group_id": "sg-035d7e4a608a20e6f",
                            "to_port": "443",
                            "type": "ingress"
                        },
                        "meta": {
                            "schema_version": "2"
                        },
                        "tainted": false
                    },
                    "deposed": [],
                    "provider": "provider.aws"
                },
                "aws_security_group_rule.workers_ingress_self": {
                    "type": "aws_security_group_rule",
                    "depends_on": [
                        "aws_security_group.workers"
                    ],
                    "primary": {
                        "id": "sgrule-929716702",
                        "attributes": {
                            "description": "Allow node to communicate with each other.",
                            "from_port": "0",
                            "id": "sgrule-929716702",
                            "protocol": "-1",
                            "security_group_id": "sg-0e4fdf39129a50902",
                            "self": "false",
                            "source_security_group_id": "sg-0e4fdf39129a50902",
                            "to_port": "65535",
                            "type": "ingress"
                        },
                        "meta": {
                            "schema_version": "2"
                        },
                        "tainted": false
                    },
                    "deposed": [],
                    "provider": "provider.aws"
                },
                "data.aws_ami.eks_worker": {
                    "type": "aws_ami",
                    "depends_on": [],
                    "primary": {
                        "id": "ami-00c3b2d35bddd4f5c",
                        "attributes": {
                            "architecture": "x86_64",
                            "block_device_mappings.#": "1",
                            "block_device_mappings.3798922657.device_name": "/dev/xvda",
                            "block_device_mappings.3798922657.ebs.%": "6",
                            "block_device_mappings.3798922657.ebs.delete_on_termination": "true",
                            "block_device_mappings.3798922657.ebs.encrypted": "false",
                            "block_device_mappings.3798922657.ebs.iops": "0",
                            "block_device_mappings.3798922657.ebs.snapshot_id": "snap-010578862f5c2aa55",
                            "block_device_mappings.3798922657.ebs.volume_size": "20",
                            "block_device_mappings.3798922657.ebs.volume_type": "gp2",
                            "block_device_mappings.3798922657.no_device": "",
                            "block_device_mappings.3798922657.virtual_name": "",
                            "creation_date": "2018-10-23T20:50:36.000Z",
                            "description": "EKS Kubernetes Worker AMI with AmazonLinux2 image",
                            "filter.#": "1",
                            "filter.655774675.name": "name",
                            "filter.655774675.values.#": "1",
                            "filter.655774675.values.0": "amazon-eks-node-*",
                            "hypervisor": "xen",
                            "id": "ami-00c3b2d35bddd4f5c",
                            "image_id": "ami-00c3b2d35bddd4f5c",
                            "image_location": "602401143452/amazon-eks-node-v25",
                            "image_type": "machine",
                            "most_recent": "true",
                            "name": "amazon-eks-node-v25",
                            "owner_id": "602401143452",
                            "owners.#": "1",
                            "owners.0": "602401143452",
                            "product_codes.#": "0",
                            "public": "true",
                            "root_device_name": "/dev/xvda",
                            "root_device_type": "ebs",
                            "root_snapshot_id": "snap-010578862f5c2aa55",
                            "sriov_net_support": "simple",
                            "state": "available",
                            "state_reason.%": "2",
                            "state_reason.code": "UNSET",
                            "state_reason.message": "UNSET",
                            "tags.%": "0",
                            "virtualization_type": "hvm"
                        },
                        "meta": {},
                        "tainted": false
                    },
                    "deposed": [],
                    "provider": "provider.aws"
                },
                "data.aws_caller_identity.current": {
                    "type": "aws_caller_identity",
                    "depends_on": [],
                    "primary": {
                        "id": "2018-11-12 12:12:06.4679364 +0000 UTC",
                        "attributes": {
                            "account_id": "077978206904",
                            "arn": "arn:aws:iam::077978206904:user/terraform-user",
                            "id": "2018-11-12 12:12:06.4679364 +0000 UTC",
                            "user_id": "AIDAIH4OO6JVIPWRAE7WO"
                        },
                        "meta": {},
                        "tainted": false
                    },
                    "deposed": [],
                    "provider": "provider.aws"
                },
                "data.aws_iam_policy_document.cluster_assume_role_policy": {
                    "type": "aws_iam_policy_document",
                    "depends_on": [],
                    "primary": {
                        "id": "2764486067",
                        "attributes": {
                            "id": "2764486067",
                            "json": "{\n  \"Version\": \"2012-10-17\",\n  \"Statement\": [\n    {\n      \"Sid\": \"EKSClusterAssumeRole\",\n      \"Effect\": \"Allow\",\n      \"Action\": \"sts:AssumeRole\",\n      \"Principal\": {\n        \"Service\": \"eks.amazonaws.com\"\n      }\n    }\n  ]\n}",
                            "statement.#": "1",
                            "statement.0.actions.#": "1",
                            "statement.0.actions.2528466339": "sts:AssumeRole",
                            "statement.0.condition.#": "0",
                            "statement.0.effect": "Allow",
                            "statement.0.not_actions.#": "0",
                            "statement.0.not_principals.#": "0",
                            "statement.0.not_resources.#": "0",
                            "statement.0.principals.#": "1",
                            "statement.0.principals.2705940588.identifiers.#": "1",
                            "statement.0.principals.2705940588.identifiers.3220076542": "eks.amazonaws.com",
                            "statement.0.principals.2705940588.type": "Service",
                            "statement.0.resources.#": "0",
                            "statement.0.sid": "EKSClusterAssumeRole"
                        },
                        "meta": {},
                        "tainted": false
                    },
                    "deposed": [],
                    "provider": "provider.aws"
                },
                "data.aws_iam_policy_document.worker_autoscaling": {
                    "type": "aws_iam_policy_document",
                    "depends_on": [
                        "aws_eks_cluster.this"
                    ],
                    "primary": {
                        "id": "832504497",
                        "attributes": {
                            "id": "832504497",
                            "json": "{\n  \"Version\": \"2012-10-17\",\n  \"Statement\": [\n    {\n      \"Sid\": \"eksWorkerAutoscalingAll\",\n      \"Effect\": \"Allow\",\n      \"Action\": [\n        \"autoscaling:GetAsgForInstance\",\n        \"autoscaling:DescribeTags\",\n        \"autoscaling:DescribeLaunchConfigurations\",\n        \"autoscaling:DescribeAutoScalingInstances\",\n        \"autoscaling:DescribeAutoScalingGroups\"\n      ],\n      \"Resource\": \"*\"\n    },\n    {\n      \"Sid\": \"eksWorkerAutoscalingOwn\",\n      \"Effect\": \"Allow\",\n      \"Action\": [\n        \"autoscaling:UpdateAutoScalingGroup\",\n        \"autoscaling:TerminateInstanceInAutoScalingGroup\",\n        \"autoscaling:SetDesiredCapacity\"\n      ],\n      \"Resource\": \"*\",\n      \"Condition\": {\n        \"StringEquals\": {\n          \"autoscaling:ResourceTag/k8s.io/cluster-autoscaler/enabled\": \"true\",\n          \"autoscaling:ResourceTag/kubernetes.io/cluster/poi-eks-cluster\": \"owned\"\n        }\n      }\n    }\n  ]\n}",
                            "statement.#": "2",
                            "statement.0.actions.#": "5",
                            "statement.0.actions.1274732150": "autoscaling:DescribeAutoScalingGroups",
                            "statement.0.actions.2448883636": "autoscaling:DescribeAutoScalingInstances",
                            "statement.0.actions.2555065653": "autoscaling:DescribeLaunchConfigurations",
                            "statement.0.actions.3701464416": "autoscaling:DescribeTags",
                            "statement.0.actions.4281419483": "autoscaling:GetAsgForInstance",
                            "statement.0.condition.#": "0",
                            "statement.0.effect": "Allow",
                            "statement.0.not_actions.#": "0",
                            "statement.0.not_principals.#": "0",
                            "statement.0.not_resources.#": "0",
                            "statement.0.principals.#": "0",
                            "statement.0.resources.#": "1",
                            "statement.0.resources.2679715827": "*",
                            "statement.0.sid": "eksWorkerAutoscalingAll",
                            "statement.1.actions.#": "3",
                            "statement.1.actions.1536675971": "autoscaling:UpdateAutoScalingGroup",
                            "statement.1.actions.3469696720": "autoscaling:TerminateInstanceInAutoScalingGroup",
                            "statement.1.actions.557626329": "autoscaling:SetDesiredCapacity",
                            "statement.1.condition.#": "2",
                            "statement.1.condition.3636405986.test": "StringEquals",
                            "statement.1.condition.3636405986.values.#": "1",
                            "statement.1.condition.3636405986.values.4043113848": "true",
                            "statement.1.condition.3636405986.variable": "autoscaling:ResourceTag/k8s.io/cluster-autoscaler/enabled",
                            "statement.1.condition.4028998177.test": "StringEquals",
                            "statement.1.condition.4028998177.values.#": "1",
                            "statement.1.condition.4028998177.values.653127311": "owned",
                            "statement.1.condition.4028998177.variable": "autoscaling:ResourceTag/kubernetes.io/cluster/poi-eks-cluster",
                            "statement.1.effect": "Allow",
                            "statement.1.not_actions.#": "0",
                            "statement.1.not_principals.#": "0",
                            "statement.1.not_resources.#": "0",
                            "statement.1.principals.#": "0",
                            "statement.1.resources.#": "1",
                            "statement.1.resources.2679715827": "*",
                            "statement.1.sid": "eksWorkerAutoscalingOwn"
                        },
                        "meta": {},
                        "tainted": false
                    },
                    "deposed": [],
                    "provider": "provider.aws"
                },
                "data.aws_iam_policy_document.workers_assume_role_policy": {
                    "type": "aws_iam_policy_document",
                    "depends_on": [],
                    "primary": {
                        "id": "3778018924",
                        "attributes": {
                            "id": "3778018924",
                            "json": "{\n  \"Version\": \"2012-10-17\",\n  \"Statement\": [\n    {\n      \"Sid\": \"EKSWorkerAssumeRole\",\n      \"Effect\": \"Allow\",\n      \"Action\": \"sts:AssumeRole\",\n      \"Principal\": {\n        \"Service\": \"ec2.amazonaws.com\"\n      }\n    }\n  ]\n}",
                            "statement.#": "1",
                            "statement.0.actions.#": "1",
                            "statement.0.actions.2528466339": "sts:AssumeRole",
                            "statement.0.condition.#": "0",
                            "statement.0.effect": "Allow",
                            "statement.0.not_actions.#": "0",
                            "statement.0.not_principals.#": "0",
                            "statement.0.not_resources.#": "0",
                            "statement.0.principals.#": "1",
                            "statement.0.principals.1134724139.identifiers.#": "1",
                            "statement.0.principals.1134724139.identifiers.3655884555": "ec2.amazonaws.com",
                            "statement.0.principals.1134724139.type": "Service",
                            "statement.0.resources.#": "0",
                            "statement.0.sid": "EKSWorkerAssumeRole"
                        },
                        "meta": {},
                        "tainted": false
                    },
                    "deposed": [],
                    "provider": "provider.aws"
                },
                "data.aws_region.current": {
                    "type": "aws_region",
                    "depends_on": [],
                    "primary": {
                        "id": "eu-west-1",
                        "attributes": {
                            "current": "true",
                            "description": "EU (Ireland)",
                            "endpoint": "ec2.eu-west-1.amazonaws.com",
                            "id": "eu-west-1",
                            "name": "eu-west-1"
                        },
                        "meta": {},
                        "tainted": false
                    },
                    "deposed": [],
                    "provider": "provider.aws"
                },
                "data.template_file.config_map_aws_auth": {
                    "type": "template_file",
                    "depends_on": [
                        "data.template_file.map_accounts.*",
                        "data.template_file.map_roles.*",
                        "data.template_file.map_users.*",
                        "data.template_file.worker_role_arns.*"
                    ],
                    "primary": {
                        "id": "a0dc3ce7cbab36a9234936a77476b5784f03d5fa6605e517acf0cc18e105b773",
                        "attributes": {
                            "id": "a0dc3ce7cbab36a9234936a77476b5784f03d5fa6605e517acf0cc18e105b773",
                            "rendered": "apiVersion: v1\nkind: ConfigMap\nmetadata:\n  name: aws-auth\n  namespace: kube-system\ndata:\n  mapRoles: |\n    - rolearn: arn:aws:iam::077978206904:role/poi-eks-cluster20181112122333980500000005\n      username: system:node:{{EC2PrivateDNSName}}\n      groups:\n        - system:bootstrappers\n        - system:nodes\n\n\n  mapUsers: |\n\n  mapAccounts: |\n\n",
                            "template": "apiVersion: v1\nkind: ConfigMap\nmetadata:\n  name: aws-auth\n  namespace: kube-system\ndata:\n  mapRoles: |\n${worker_role_arn}\n${map_roles}\n  mapUsers: |\n${map_users}\n  mapAccounts: |\n${map_accounts}\n",
                            "vars.%": "4",
                            "vars.map_accounts": "",
                            "vars.map_roles": "",
                            "vars.map_users": "",
                            "vars.worker_role_arn": "    - rolearn: arn:aws:iam::077978206904:role/poi-eks-cluster20181112122333980500000005\n      username: system:node:{{EC2PrivateDNSName}}\n      groups:\n        - system:bootstrappers\n        - system:nodes\n"
                        },
                        "meta": {},
                        "tainted": false
                    },
                    "deposed": [],
                    "provider": "module.eks.provider.template"
                },
                "data.template_file.kubeconfig": {
                    "type": "template_file",
                    "depends_on": [
                        "aws_eks_cluster.this",
                        "data.aws_region.current",
                        "data.template_file.aws_authenticator_env_variables.*",
                        "local.kubeconfig_name"
                    ],
                    "primary": {
                        "id": "c372ea6da201ef3dd7273aa1e1f805327c46bafe2bfd8ff121083ca81347fd4f",
                        "attributes": {
                            "id": "c372ea6da201ef3dd7273aa1e1f805327c46bafe2bfd8ff121083ca81347fd4f",
                            "rendered": "apiVersion: v1\npreferences: {}\nkind: Config\n\nclusters:\n- cluster:\n    server: https://095CB970CDEEB69F96F7E97ED12FEB9E.sk1.eu-west-1.eks.amazonaws.com\n    certificate-authority-data: LS0tLS1CRUdJTiBDRVJUSUZJQ0FURS0tLS0tCk1JSUN5RENDQWJDZ0F3SUJBZ0lCQURBTkJna3Foa2lHOXcwQkFRc0ZBREFWTVJNd0VRWURWUVFERXdwcmRXSmwKY201bGRHVnpNQjRYRFRFNE1URXhNakV5TWpBeU9Wb1hEVEk0TVRFd09URXlNakF5T1Zvd0ZURVRNQkVHQTFVRQpBeE1LYTNWaVpYSnVaWFJsY3pDQ0FTSXdEUVlKS29aSWh2Y05BUUVCQlFBRGdnRVBBRENDQVFvQ2dnRUJBT0NiCjFjeTFabUdkMVpJQ3ZxRXNoVFkrTkJKWjd2RWkvWWtCcUZHVzlqN21NT1VFS2VsWFQ3Wng5SDJIL1ZLOFFaTGQKa2d5TVV3d0hTaE9GTU5yWlJSTnZuNi83U3dCK2ErNXR1b3dOWCsyd2kxODE3V1lLZEN6bTYwalpJT0l2NHBXYQpBRlljKzdiQUJpenI1OUJFMUdtSmwzQTlsc21oc1AvZmU4Zk5QY0VmYTdCMTJHcmljZDM1OEl6MHVwd0xDSDloCmIzVTE2UER1NzhWTWhFNlVDWm1iZ2xPeG94dDBkZTExdVo0STBacU94RmhycEdZT0VoV21FT3BDYVBHZlB4c0UKMWhZRTBRcFVtSjZTN09RTVlDU3dsekdyRjRFblpNZ0pCbFdaL2JhTjdmYkhTaFNwbnVqRGxIekRWb0JkTWN4WgpZUCtvRk5xV2Q4YzQwTW1vOWlVQ0F3RUFBYU1qTUNFd0RnWURWUjBQQVFIL0JBUURBZ0trTUE4R0ExVWRFd0VCCi93UUZNQU1CQWY4d0RRWUpLb1pJaHZjTkFRRUxCUUFEZ2dFQkFNZzdXS0Q2ZXdiSUFqMEVGYkJmSDV6UUtabG4KZGxzZTd3ZFlRemIrSHZla05yUnE3eDgwNzB3ZndtenZyZDdUNm5rTkpwbG5xOVRlWjV6Y3o5RXQ4SGlMRGp0cgpaenhwTGlJRndjK0NGU3BGWmNVSUJ4ZUFsRVlPRmVoRjFTSXNJcjRobHRib05MbmJiWEhEVU90OTRzVGwrREJ6CitpdWthSjBJV3RkR1VvOFVmcXJTNG14YS8yL1hCMzBzeFJiOGNLWWlMdU5yZDBtUTFrV0g5alc5T1NjVDVRNFQKMUw3VmxzS3BCZTRhWFdCZzFUZld4M2o2STdVZlQwS3lENnQ2NmsvNHlKZzdqSUhVc2VFa0JSbWsvWllmMjd2egp2QktsanJWaHNWNjBSanhqSXlaM251YXdOdVNzWXZMdzFkaHMyb3V0RGw2RytHODdEOUwwbGw3cTdOWT0KLS0tLS1FTkQgQ0VSVElGSUNBVEUtLS0tLQo=\n  name: eks_poi-eks-cluster\n\ncontexts:\n- context:\n    cluster: eks_poi-eks-cluster\n    user: eks_poi-eks-cluster\n  name: eks_poi-eks-cluster\n\ncurrent-context: eks_poi-eks-cluster\n\nusers:\n- name: eks_poi-eks-cluster\n  user:\n    exec:\n      apiVersion: client.authentication.k8s.io/v1alpha1\n      command: aws-iam-authenticator\n      args:\n        - \"token\"\n        - \"-i\"\n        - \"poi-eks-cluster\"\n\n\n",
                            "template": "apiVersion: v1\npreferences: {}\nkind: Config\n\nclusters:\n- cluster:\n    server: ${endpoint}\n    certificate-authority-data: ${cluster_auth_base64}\n  name: ${kubeconfig_name}\n\ncontexts:\n- context:\n    cluster: ${kubeconfig_name}\n    user: ${kubeconfig_name}\n  name: ${kubeconfig_name}\n\ncurrent-context: ${kubeconfig_name}\n\nusers:\n- name: ${kubeconfig_name}\n  user:\n    exec:\n      apiVersion: client.authentication.k8s.io/v1alpha1\n      command: ${aws_authenticator_command}\n      args:\n        - \"token\"\n        - \"-i\"\n        - \"${cluster_name}\"\n${aws_authenticator_additional_args}\n${aws_authenticator_env_variables}\n",
                            "vars.%": "8",
                            "vars.aws_authenticator_additional_args": "",
                            "vars.aws_authenticator_command": "aws-iam-authenticator",
                            "vars.aws_authenticator_env_variables": "",
                            "vars.cluster_auth_base64": "LS0tLS1CRUdJTiBDRVJUSUZJQ0FURS0tLS0tCk1JSUN5RENDQWJDZ0F3SUJBZ0lCQURBTkJna3Foa2lHOXcwQkFRc0ZBREFWTVJNd0VRWURWUVFERXdwcmRXSmwKY201bGRHVnpNQjRYRFRFNE1URXhNakV5TWpBeU9Wb1hEVEk0TVRFd09URXlNakF5T1Zvd0ZURVRNQkVHQTFVRQpBeE1LYTNWaVpYSnVaWFJsY3pDQ0FTSXdEUVlKS29aSWh2Y05BUUVCQlFBRGdnRVBBRENDQVFvQ2dnRUJBT0NiCjFjeTFabUdkMVpJQ3ZxRXNoVFkrTkJKWjd2RWkvWWtCcUZHVzlqN21NT1VFS2VsWFQ3Wng5SDJIL1ZLOFFaTGQKa2d5TVV3d0hTaE9GTU5yWlJSTnZuNi83U3dCK2ErNXR1b3dOWCsyd2kxODE3V1lLZEN6bTYwalpJT0l2NHBXYQpBRlljKzdiQUJpenI1OUJFMUdtSmwzQTlsc21oc1AvZmU4Zk5QY0VmYTdCMTJHcmljZDM1OEl6MHVwd0xDSDloCmIzVTE2UER1NzhWTWhFNlVDWm1iZ2xPeG94dDBkZTExdVo0STBacU94RmhycEdZT0VoV21FT3BDYVBHZlB4c0UKMWhZRTBRcFVtSjZTN09RTVlDU3dsekdyRjRFblpNZ0pCbFdaL2JhTjdmYkhTaFNwbnVqRGxIekRWb0JkTWN4WgpZUCtvRk5xV2Q4YzQwTW1vOWlVQ0F3RUFBYU1qTUNFd0RnWURWUjBQQVFIL0JBUURBZ0trTUE4R0ExVWRFd0VCCi93UUZNQU1CQWY4d0RRWUpLb1pJaHZjTkFRRUxCUUFEZ2dFQkFNZzdXS0Q2ZXdiSUFqMEVGYkJmSDV6UUtabG4KZGxzZTd3ZFlRemIrSHZla05yUnE3eDgwNzB3ZndtenZyZDdUNm5rTkpwbG5xOVRlWjV6Y3o5RXQ4SGlMRGp0cgpaenhwTGlJRndjK0NGU3BGWmNVSUJ4ZUFsRVlPRmVoRjFTSXNJcjRobHRib05MbmJiWEhEVU90OTRzVGwrREJ6CitpdWthSjBJV3RkR1VvOFVmcXJTNG14YS8yL1hCMzBzeFJiOGNLWWlMdU5yZDBtUTFrV0g5alc5T1NjVDVRNFQKMUw3VmxzS3BCZTRhWFdCZzFUZld4M2o2STdVZlQwS3lENnQ2NmsvNHlKZzdqSUhVc2VFa0JSbWsvWllmMjd2egp2QktsanJWaHNWNjBSanhqSXlaM251YXdOdVNzWXZMdzFkaHMyb3V0RGw2RytHODdEOUwwbGw3cTdOWT0KLS0tLS1FTkQgQ0VSVElGSUNBVEUtLS0tLQo=",
                            "vars.cluster_name": "poi-eks-cluster",
                            "vars.endpoint": "https://095CB970CDEEB69F96F7E97ED12FEB9E.sk1.eu-west-1.eks.amazonaws.com",
                            "vars.kubeconfig_name": "eks_poi-eks-cluster",
                            "vars.region": "eu-west-1"
                        },
                        "meta": {},
                        "tainted": false
                    },
                    "deposed": [],
                    "provider": "module.eks.provider.template"
                },
                "data.template_file.userdata": {
                    "type": "template_file",
                    "depends_on": [
                        "aws_eks_cluster.this",
                        "local.workers_group_defaults"
                    ],
                    "primary": {
                        "id": "4ff726b8ce66d641c5d8a9b3d2b4c2c63c47e88973fce8cf2770f4e03fb2d51c",
                        "attributes": {
                            "id": "4ff726b8ce66d641c5d8a9b3d2b4c2c63c47e88973fce8cf2770f4e03fb2d51c",
                            "rendered": "#!/bin/bash -xe\n\n# Allow user supplied pre userdata code\n\n\n# Bootstrap and join the cluster\n/etc/eks/bootstrap.sh --b64-cluster-ca 'LS0tLS1CRUdJTiBDRVJUSUZJQ0FURS0tLS0tCk1JSUN5RENDQWJDZ0F3SUJBZ0lCQURBTkJna3Foa2lHOXcwQkFRc0ZBREFWTVJNd0VRWURWUVFERXdwcmRXSmwKY201bGRHVnpNQjRYRFRFNE1URXhNakV5TWpBeU9Wb1hEVEk0TVRFd09URXlNakF5T1Zvd0ZURVRNQkVHQTFVRQpBeE1LYTNWaVpYSnVaWFJsY3pDQ0FTSXdEUVlKS29aSWh2Y05BUUVCQlFBRGdnRVBBRENDQVFvQ2dnRUJBT0NiCjFjeTFabUdkMVpJQ3ZxRXNoVFkrTkJKWjd2RWkvWWtCcUZHVzlqN21NT1VFS2VsWFQ3Wng5SDJIL1ZLOFFaTGQKa2d5TVV3d0hTaE9GTU5yWlJSTnZuNi83U3dCK2ErNXR1b3dOWCsyd2kxODE3V1lLZEN6bTYwalpJT0l2NHBXYQpBRlljKzdiQUJpenI1OUJFMUdtSmwzQTlsc21oc1AvZmU4Zk5QY0VmYTdCMTJHcmljZDM1OEl6MHVwd0xDSDloCmIzVTE2UER1NzhWTWhFNlVDWm1iZ2xPeG94dDBkZTExdVo0STBacU94RmhycEdZT0VoV21FT3BDYVBHZlB4c0UKMWhZRTBRcFVtSjZTN09RTVlDU3dsekdyRjRFblpNZ0pCbFdaL2JhTjdmYkhTaFNwbnVqRGxIekRWb0JkTWN4WgpZUCtvRk5xV2Q4YzQwTW1vOWlVQ0F3RUFBYU1qTUNFd0RnWURWUjBQQVFIL0JBUURBZ0trTUE4R0ExVWRFd0VCCi93UUZNQU1CQWY4d0RRWUpLb1pJaHZjTkFRRUxCUUFEZ2dFQkFNZzdXS0Q2ZXdiSUFqMEVGYkJmSDV6UUtabG4KZGxzZTd3ZFlRemIrSHZla05yUnE3eDgwNzB3ZndtenZyZDdUNm5rTkpwbG5xOVRlWjV6Y3o5RXQ4SGlMRGp0cgpaenhwTGlJRndjK0NGU3BGWmNVSUJ4ZUFsRVlPRmVoRjFTSXNJcjRobHRib05MbmJiWEhEVU90OTRzVGwrREJ6CitpdWthSjBJV3RkR1VvOFVmcXJTNG14YS8yL1hCMzBzeFJiOGNLWWlMdU5yZDBtUTFrV0g5alc5T1NjVDVRNFQKMUw3VmxzS3BCZTRhWFdCZzFUZld4M2o2STdVZlQwS3lENnQ2NmsvNHlKZzdqSUhVc2VFa0JSbWsvWllmMjd2egp2QktsanJWaHNWNjBSanhqSXlaM251YXdOdVNzWXZMdzFkaHMyb3V0RGw2RytHODdEOUwwbGw3cTdOWT0KLS0tLS1FTkQgQ0VSVElGSUNBVEUtLS0tLQo=' --apiserver-endpoint 'https://095CB970CDEEB69F96F7E97ED12FEB9E.sk1.eu-west-1.eks.amazonaws.com' --kubelet-extra-args '' 'poi-eks-cluster'\n\n# Allow user supplied userdata code\n\n",
                            "template": "#!/bin/bash -xe\n\n# Allow user supplied pre userdata code\n${pre_userdata}\n\n# Bootstrap and join the cluster\n/etc/eks/bootstrap.sh --b64-cluster-ca '${cluster_auth_base64}' --apiserver-endpoint '${endpoint}' --kubelet-extra-args '${kubelet_extra_args}' '${cluster_name}'\n\n# Allow user supplied userdata code\n${additional_userdata}\n",
                            "vars.%": "6",
                            "vars.additional_userdata": "",
                            "vars.cluster_auth_base64": "LS0tLS1CRUdJTiBDRVJUSUZJQ0FURS0tLS0tCk1JSUN5RENDQWJDZ0F3SUJBZ0lCQURBTkJna3Foa2lHOXcwQkFRc0ZBREFWTVJNd0VRWURWUVFERXdwcmRXSmwKY201bGRHVnpNQjRYRFRFNE1URXhNakV5TWpBeU9Wb1hEVEk0TVRFd09URXlNakF5T1Zvd0ZURVRNQkVHQTFVRQpBeE1LYTNWaVpYSnVaWFJsY3pDQ0FTSXdEUVlKS29aSWh2Y05BUUVCQlFBRGdnRVBBRENDQVFvQ2dnRUJBT0NiCjFjeTFabUdkMVpJQ3ZxRXNoVFkrTkJKWjd2RWkvWWtCcUZHVzlqN21NT1VFS2VsWFQ3Wng5SDJIL1ZLOFFaTGQKa2d5TVV3d0hTaE9GTU5yWlJSTnZuNi83U3dCK2ErNXR1b3dOWCsyd2kxODE3V1lLZEN6bTYwalpJT0l2NHBXYQpBRlljKzdiQUJpenI1OUJFMUdtSmwzQTlsc21oc1AvZmU4Zk5QY0VmYTdCMTJHcmljZDM1OEl6MHVwd0xDSDloCmIzVTE2UER1NzhWTWhFNlVDWm1iZ2xPeG94dDBkZTExdVo0STBacU94RmhycEdZT0VoV21FT3BDYVBHZlB4c0UKMWhZRTBRcFVtSjZTN09RTVlDU3dsekdyRjRFblpNZ0pCbFdaL2JhTjdmYkhTaFNwbnVqRGxIekRWb0JkTWN4WgpZUCtvRk5xV2Q4YzQwTW1vOWlVQ0F3RUFBYU1qTUNFd0RnWURWUjBQQVFIL0JBUURBZ0trTUE4R0ExVWRFd0VCCi93UUZNQU1CQWY4d0RRWUpLb1pJaHZjTkFRRUxCUUFEZ2dFQkFNZzdXS0Q2ZXdiSUFqMEVGYkJmSDV6UUtabG4KZGxzZTd3ZFlRemIrSHZla05yUnE3eDgwNzB3ZndtenZyZDdUNm5rTkpwbG5xOVRlWjV6Y3o5RXQ4SGlMRGp0cgpaenhwTGlJRndjK0NGU3BGWmNVSUJ4ZUFsRVlPRmVoRjFTSXNJcjRobHRib05MbmJiWEhEVU90OTRzVGwrREJ6CitpdWthSjBJV3RkR1VvOFVmcXJTNG14YS8yL1hCMzBzeFJiOGNLWWlMdU5yZDBtUTFrV0g5alc5T1NjVDVRNFQKMUw3VmxzS3BCZTRhWFdCZzFUZld4M2o2STdVZlQwS3lENnQ2NmsvNHlKZzdqSUhVc2VFa0JSbWsvWllmMjd2egp2QktsanJWaHNWNjBSanhqSXlaM251YXdOdVNzWXZMdzFkaHMyb3V0RGw2RytHODdEOUwwbGw3cTdOWT0KLS0tLS1FTkQgQ0VSVElGSUNBVEUtLS0tLQo=",
                            "vars.cluster_name": "poi-eks-cluster",
                            "vars.endpoint": "https://095CB970CDEEB69F96F7E97ED12FEB9E.sk1.eu-west-1.eks.amazonaws.com",
                            "vars.kubelet_extra_args": "",
                            "vars.pre_userdata": ""
                        },
                        "meta": {},
                        "tainted": false
                    },
                    "deposed": [],
                    "provider": "module.eks.provider.template"
                },
                "data.template_file.worker_role_arns": {
                    "type": "template_file",
                    "depends_on": [
                        "aws_iam_instance_profile.workers.*",
                        "data.aws_caller_identity.current"
                    ],
                    "primary": {
                        "id": "75e45a5fd7b9af3c614ae740262cf8b8a12a653f3e4b9cc344cf1bbdf1be537c",
                        "attributes": {
                            "id": "75e45a5fd7b9af3c614ae740262cf8b8a12a653f3e4b9cc344cf1bbdf1be537c",
                            "rendered": "    - rolearn: arn:aws:iam::077978206904:role/poi-eks-cluster20181112122333980500000005\n      username: system:node:{{EC2PrivateDNSName}}\n      groups:\n        - system:bootstrappers\n        - system:nodes\n",
                            "template": "    - rolearn: ${worker_role_arn}\n      username: system:node:{{EC2PrivateDNSName}}\n      groups:\n        - system:bootstrappers\n        - system:nodes\n",
                            "vars.%": "1",
                            "vars.worker_role_arn": "arn:aws:iam::077978206904:role/poi-eks-cluster20181112122333980500000005"
                        },
                        "meta": {},
                        "tainted": false
                    },
                    "deposed": [],
                    "provider": "module.eks.provider.template"
                },
                "local_file.config_map_aws_auth": {
                    "type": "local_file",
                    "depends_on": [
                        "data.template_file.config_map_aws_auth"
                    ],
                    "primary": {
                        "id": "9f829ffbc7c8108fcf039c5b626166d63c25bc29",
                        "attributes": {
                            "content": "apiVersion: v1\nkind: ConfigMap\nmetadata:\n  name: aws-auth\n  namespace: kube-system\ndata:\n  mapRoles: |\n    - rolearn: arn:aws:iam::077978206904:role/poi-eks-cluster20181112122333980500000005\n      username: system:node:{{EC2PrivateDNSName}}\n      groups:\n        - system:bootstrappers\n        - system:nodes\n\n\n  mapUsers: |\n\n  mapAccounts: |\n\n",
                            "filename": "./config-map-aws-auth_poi-eks-cluster.yaml",
                            "id": "9f829ffbc7c8108fcf039c5b626166d63c25bc29"
                        },
                        "meta": {},
                        "tainted": false
                    },
                    "deposed": [],
                    "provider": "provider.local"
                },
                "local_file.kubeconfig": {
                    "type": "local_file",
                    "depends_on": [
                        "data.template_file.kubeconfig"
                    ],
                    "primary": {
                        "id": "ba2746ccf23e7d7a8982bbcb0affc0ad8fb5b1b0",
                        "attributes": {
                            "content": "apiVersion: v1\npreferences: {}\nkind: Config\n\nclusters:\n- cluster:\n    server: https://095CB970CDEEB69F96F7E97ED12FEB9E.sk1.eu-west-1.eks.amazonaws.com\n    certificate-authority-data: LS0tLS1CRUdJTiBDRVJUSUZJQ0FURS0tLS0tCk1JSUN5RENDQWJDZ0F3SUJBZ0lCQURBTkJna3Foa2lHOXcwQkFRc0ZBREFWTVJNd0VRWURWUVFERXdwcmRXSmwKY201bGRHVnpNQjRYRFRFNE1URXhNakV5TWpBeU9Wb1hEVEk0TVRFd09URXlNakF5T1Zvd0ZURVRNQkVHQTFVRQpBeE1LYTNWaVpYSnVaWFJsY3pDQ0FTSXdEUVlKS29aSWh2Y05BUUVCQlFBRGdnRVBBRENDQVFvQ2dnRUJBT0NiCjFjeTFabUdkMVpJQ3ZxRXNoVFkrTkJKWjd2RWkvWWtCcUZHVzlqN21NT1VFS2VsWFQ3Wng5SDJIL1ZLOFFaTGQKa2d5TVV3d0hTaE9GTU5yWlJSTnZuNi83U3dCK2ErNXR1b3dOWCsyd2kxODE3V1lLZEN6bTYwalpJT0l2NHBXYQpBRlljKzdiQUJpenI1OUJFMUdtSmwzQTlsc21oc1AvZmU4Zk5QY0VmYTdCMTJHcmljZDM1OEl6MHVwd0xDSDloCmIzVTE2UER1NzhWTWhFNlVDWm1iZ2xPeG94dDBkZTExdVo0STBacU94RmhycEdZT0VoV21FT3BDYVBHZlB4c0UKMWhZRTBRcFVtSjZTN09RTVlDU3dsekdyRjRFblpNZ0pCbFdaL2JhTjdmYkhTaFNwbnVqRGxIekRWb0JkTWN4WgpZUCtvRk5xV2Q4YzQwTW1vOWlVQ0F3RUFBYU1qTUNFd0RnWURWUjBQQVFIL0JBUURBZ0trTUE4R0ExVWRFd0VCCi93UUZNQU1CQWY4d0RRWUpLb1pJaHZjTkFRRUxCUUFEZ2dFQkFNZzdXS0Q2ZXdiSUFqMEVGYkJmSDV6UUtabG4KZGxzZTd3ZFlRemIrSHZla05yUnE3eDgwNzB3ZndtenZyZDdUNm5rTkpwbG5xOVRlWjV6Y3o5RXQ4SGlMRGp0cgpaenhwTGlJRndjK0NGU3BGWmNVSUJ4ZUFsRVlPRmVoRjFTSXNJcjRobHRib05MbmJiWEhEVU90OTRzVGwrREJ6CitpdWthSjBJV3RkR1VvOFVmcXJTNG14YS8yL1hCMzBzeFJiOGNLWWlMdU5yZDBtUTFrV0g5alc5T1NjVDVRNFQKMUw3VmxzS3BCZTRhWFdCZzFUZld4M2o2STdVZlQwS3lENnQ2NmsvNHlKZzdqSUhVc2VFa0JSbWsvWllmMjd2egp2QktsanJWaHNWNjBSanhqSXlaM251YXdOdVNzWXZMdzFkaHMyb3V0RGw2RytHODdEOUwwbGw3cTdOWT0KLS0tLS1FTkQgQ0VSVElGSUNBVEUtLS0tLQo=\n  name: eks_poi-eks-cluster\n\ncontexts:\n- context:\n    cluster: eks_poi-eks-cluster\n    user: eks_poi-eks-cluster\n  name: eks_poi-eks-cluster\n\ncurrent-context: eks_poi-eks-cluster\n\nusers:\n- name: eks_poi-eks-cluster\n  user:\n    exec:\n      apiVersion: client.authentication.k8s.io/v1alpha1\n      command: aws-iam-authenticator\n      args:\n        - \"token\"\n        - \"-i\"\n        - \"poi-eks-cluster\"\n\n\n",
                            "filename": "./kubeconfig_poi-eks-cluster",
                            "id": "ba2746ccf23e7d7a8982bbcb0affc0ad8fb5b1b0"
                        },
                        "meta": {},
                        "tainted": false
                    },
                    "deposed": [],
                    "provider": "provider.local"
                },
                "null_resource.tags_as_list_of_maps": {
                    "type": "null_resource",
                    "depends_on": [],
                    "primary": {
                        "id": "1001379448879645309",
                        "attributes": {
                            "id": "1001379448879645309",
                            "triggers.%": "3",
                            "triggers.key": "Environment",
                            "triggers.propagate_at_launch": "true",
                            "triggers.value": "poi-eks-env"
                        },
                        "meta": {},
                        "tainted": false
                    },
                    "deposed": [],
                    "provider": "module.eks.provider.null"
                },
                "null_resource.update_config_map_aws_auth": {
                    "type": "null_resource",
                    "depends_on": [
                        "aws_eks_cluster.this",
                        "data.template_file.config_map_aws_auth"
                    ],
                    "primary": {
                        "id": "2555271777902754812",
                        "attributes": {
                            "id": "2555271777902754812",
                            "triggers.%": "1",
                            "triggers.config_map_rendered": "apiVersion: v1\nkind: ConfigMap\nmetadata:\n  name: aws-auth\n  namespace: kube-system\ndata:\n  mapRoles: |\n    - rolearn: arn:aws:iam::077978206904:role/poi-eks-cluster20181112122333980500000005\n      username: system:node:{{EC2PrivateDNSName}}\n      groups:\n        - system:bootstrappers\n        - system:nodes\n\n\n  mapUsers: |\n\n  mapAccounts: |\n\n"
                        },
                        "meta": {},
                        "tainted": false
                    },
                    "deposed": [],
                    "provider": "module.eks.provider.null"
                }
            },
            "depends_on": []
        }
    ]
}
